<?xml version="1.0" encoding="utf-8"?>
<Project ToolsVersion="4.0" xmlns="http://schemas.microsoft.com/developer/msbuild/2003">
  <ItemGroup>
    <Filter Include="Source Files">
      <UniqueIdentifier>{4FC737F1-C7A5-4376-A066-2A32D752A2FF}</UniqueIdentifier>
      <Extensions>cpp;c;cc;cxx;def;odl;idl;hpj;bat;asm;asmx</Extensions>
    </Filter>
    <Filter Include="Header Files">
      <UniqueIdentifier>{93995380-89BD-4b04-88EB-625FBE52EBFB}</UniqueIdentifier>
      <Extensions>h;hh;hpp;hxx;hm;inl;inc;xsd</Extensions>
    </Filter>
    <Filter Include="Resource Files">
      <UniqueIdentifier>{67DA6AB6-F800-4c08-8B7A-83BB121AAD01}</UniqueIdentifier>
      <Extensions>rc;ico;cur;bmp;dlg;rc2;rct;bin;rgs;gif;jpg;jpeg;jpe;resx;tiff;tif;png;wav;mfcribbon-ms</Extensions>
    </Filter>
    <Filter Include="Header Files\rltk">
      <UniqueIdentifier>{a9c73a96-adac-41f6-ba53-d82f3c3f0f96}</UniqueIdentifier>
    </Filter>
    <Filter Include="Source Files\boost">
      <UniqueIdentifier>{b8d7c078-b921-4ab3-9418-11eb68529088}</UniqueIdentifier>
    </Filter>
    <Filter Include="Source Files\rltk">
      <UniqueIdentifier>{a6bfc4b6-cd43-41ab-8afb-c9b7b3287fc3}</UniqueIdentifier>
    </Filter>
    <Filter Include="Header Files\components">
      <UniqueIdentifier>{84ea8b2d-ead9-4dc9-9a2b-9625cfe76e45}</UniqueIdentifier>
    </Filter>
    <Filter Include="Header Files\systems">
      <UniqueIdentifier>{aaa09be8-ceed-47d9-9cdb-bdf3f9990c7e}</UniqueIdentifier>
    </Filter>
    <Filter Include="Header Files\messages">
      <UniqueIdentifier>{4aa37cbb-8f85-4f93-a75d-75e7bb8d17d0}</UniqueIdentifier>
    </Filter>
    <Filter Include="Header Files\planet">
      <UniqueIdentifier>{760cb9a1-268d-42a5-962f-77b24f34c3a7}</UniqueIdentifier>
    </Filter>
    <Filter Include="Header Files\raws">
      <UniqueIdentifier>{8e34f216-0637-4fa5-9229-224d126be1bd}</UniqueIdentifier>
    </Filter>
    <Filter Include="Source Files\systems">
      <UniqueIdentifier>{b4e1fd18-e744-4af3-99f4-357e8581cf70}</UniqueIdentifier>
    </Filter>
    <Filter Include="Source Files\components">
      <UniqueIdentifier>{1e7fc5eb-d114-490f-85ce-e33d6b023c03}</UniqueIdentifier>
    </Filter>
    <Filter Include="Source Files\planet">
      <UniqueIdentifier>{33aa8195-5152-42eb-90b2-0e2e283c8edf}</UniqueIdentifier>
    </Filter>
    <Filter Include="Source Files\raws">
      <UniqueIdentifier>{79fb0aef-8ab6-494f-88fc-682823ddf16e}</UniqueIdentifier>
    </Filter>
    <Filter Include="Header Files\utils">
      <UniqueIdentifier>{c16f30c9-6bde-407f-a570-bb8ef7466d93}</UniqueIdentifier>
    </Filter>
    <Filter Include="Source Files\utils">
      <UniqueIdentifier>{199e3d6f-20c7-43fe-a2b3-e2741da74046}</UniqueIdentifier>
    </Filter>
    <Filter Include="Source Files\planet\builder">
      <UniqueIdentifier>{b0ce4ec9-59f3-40cb-b938-d67f1c7b4bf9}</UniqueIdentifier>
    </Filter>
    <Filter Include="Header Files\planet\builder">
      <UniqueIdentifier>{2acad772-a365-4a76-aa38-6155272be51a}</UniqueIdentifier>
    </Filter>
    <Filter Include="Header Files\main">
      <UniqueIdentifier>{5f57c01a-62e8-4745-bd76-f9b7aaa87d17}</UniqueIdentifier>
    </Filter>
    <Filter Include="Source Files\main">
      <UniqueIdentifier>{31a07e76-30fa-45c1-b5c5-b2347315f438}</UniqueIdentifier>
    </Filter>
    <Filter Include="Header Files\FastNoise">
      <UniqueIdentifier>{c2a21790-1816-413b-ace4-408870f89a98}</UniqueIdentifier>
    </Filter>
    <Filter Include="Source Files\FastNoise">
      <UniqueIdentifier>{dcfc5b07-bbae-4bcd-918e-83ce2219923e}</UniqueIdentifier>
    </Filter>
    <Filter Include="Header Files\systems\tasks">
      <UniqueIdentifier>{17d6d531-0c7e-4818-b95a-38d93f99b2e5}</UniqueIdentifier>
    </Filter>
    <Filter Include="Source Files\systems\tasks">
      <UniqueIdentifier>{66ad085b-3f1a-4f46-959a-76fabcff9295}</UniqueIdentifier>
    </Filter>
  </ItemGroup>
  <ItemGroup>
    <None Include="packages.config" />
  </ItemGroup>
  <ItemGroup>
    <ClInclude Include="..\src\rltk\rltk\astar.hpp">
      <Filter>Header Files\rltk</Filter>
    </ClInclude>
    <ClInclude Include="..\src\rltk\rltk\bitmap_font.hpp">
      <Filter>Header Files\rltk</Filter>
    </ClInclude>
    <ClInclude Include="..\src\rltk\rltk\color_t.hpp">
      <Filter>Header Files\rltk</Filter>
    </ClInclude>
    <ClInclude Include="..\src\rltk\rltk\colors.hpp">
      <Filter>Header Files\rltk</Filter>
    </ClInclude>
    <ClInclude Include="..\src\rltk\rltk\ecs\ecs.hpp">
      <Filter>Header Files\rltk</Filter>
    </ClInclude>
    <ClInclude Include="..\src\rltk\rltk\font_manager.hpp">
      <Filter>Header Files\rltk</Filter>
    </ClInclude>
    <ClInclude Include="..\src\rltk\rltk\fsa.hpp">
      <Filter>Header Files\rltk</Filter>
    </ClInclude>
    <ClInclude Include="..\src\rltk\rltk\geometry.hpp">
      <Filter>Header Files\rltk</Filter>
    </ClInclude>
    <ClInclude Include="..\src\rltk\rltk\gui.hpp">
      <Filter>Header Files\rltk</Filter>
    </ClInclude>
    <ClInclude Include="..\src\rltk\rltk\gui_control_t.hpp">
      <Filter>Header Files\rltk</Filter>
    </ClInclude>
    <ClInclude Include="..\src\rltk\rltk\input_handler.hpp">
      <Filter>Header Files\rltk</Filter>
    </ClInclude>
    <ClInclude Include="..\src\rltk\rltk\layer_t.hpp">
      <Filter>Header Files\rltk</Filter>
    </ClInclude>
    <ClInclude Include="..\src\rltk\rltk\path_finding.hpp">
      <Filter>Header Files\rltk</Filter>
    </ClInclude>
    <ClInclude Include="..\src\rltk\rltk\perlin_noise.hpp">
      <Filter>Header Files\rltk</Filter>
    </ClInclude>
    <ClInclude Include="..\src\rltk\rltk\rltk.hpp">
      <Filter>Header Files\rltk</Filter>
    </ClInclude>
    <ClInclude Include="..\src\rltk\rltk\rng.hpp">
      <Filter>Header Files\rltk</Filter>
    </ClInclude>
    <ClInclude Include="..\src\rltk\rltk\visibility.hpp">
      <Filter>Header Files\rltk</Filter>
    </ClInclude>
    <ClInclude Include="..\src\rltk\rltk\virtual_terminal_sparse.hpp">
      <Filter>Header Files\rltk</Filter>
    </ClInclude>
    <ClInclude Include="..\src\rltk\rltk\virtual_terminal.hpp">
      <Filter>Header Files\rltk</Filter>
    </ClInclude>
    <ClInclude Include="..\src\rltk\rltk\texture_resources.hpp">
      <Filter>Header Files\rltk</Filter>
    </ClInclude>
    <ClInclude Include="..\src\rltk\rltk\texture.hpp">
      <Filter>Header Files\rltk</Filter>
    </ClInclude>
    <ClInclude Include="..\src\components\calendar.hpp">
      <Filter>Header Files\components</Filter>
    </ClInclude>
    <ClInclude Include="..\src\components\components.hpp">
      <Filter>Header Files\components</Filter>
    </ClInclude>
    <ClInclude Include="..\src\components\position.hpp">
      <Filter>Header Files\components</Filter>
    </ClInclude>
    <ClInclude Include="..\src\systems\calendar_system.hpp">
      <Filter>Header Files\systems</Filter>
    </ClInclude>
    <ClInclude Include="..\src\systems\map_render_system.hpp">
      <Filter>Header Files\systems</Filter>
    </ClInclude>
    <ClInclude Include="..\src\systems\systems.hpp">
      <Filter>Header Files\systems</Filter>
    </ClInclude>
    <ClInclude Include="..\src\components\loader.hpp">
      <Filter>Header Files\components</Filter>
    </ClInclude>
    <ClInclude Include="..\src\messages\messages.hpp">
      <Filter>Header Files\messages</Filter>
    </ClInclude>
    <ClInclude Include="..\src\messages\tick_message.hpp">
      <Filter>Header Files\messages</Filter>
    </ClInclude>
    <ClInclude Include="..\src\planet\planet.hpp">
      <Filter>Header Files\planet</Filter>
    </ClInclude>
    <ClInclude Include="..\src\planet\planet_builder.hpp">
      <Filter>Header Files\planet</Filter>
    </ClInclude>
    <ClInclude Include="..\src\components\world_position.hpp">
      <Filter>Header Files\components</Filter>
    </ClInclude>
    <ClInclude Include="..\src\raws\raws.hpp">
      <Filter>Header Files\raws</Filter>
    </ClInclude>
    <ClInclude Include="..\src\raws\tile_material.hpp">
      <Filter>Header Files\raws</Filter>
    </ClInclude>
    <ClInclude Include="..\src\components\renderable.hpp">
      <Filter>Header Files\components</Filter>
    </ClInclude>
    <ClInclude Include="..\src\rltk\rltk\serialization_utils.hpp">
      <Filter>Header Files\components</Filter>
    </ClInclude>
    <ClInclude Include="..\src\components\name.hpp">
      <Filter>Header Files\components</Filter>
    </ClInclude>
    <ClInclude Include="..\src\components\building.hpp">
      <Filter>Header Files\components</Filter>
    </ClInclude>
    <ClInclude Include="..\src\components\construct_container.hpp">
      <Filter>Header Files\components</Filter>
    </ClInclude>
    <ClInclude Include="..\src\components\construct_power.hpp">
      <Filter>Header Files\components</Filter>
    </ClInclude>
    <ClInclude Include="..\src\components\construct_provides_sleep.hpp">
      <Filter>Header Files\components</Filter>
    </ClInclude>
    <ClInclude Include="..\src\components\designations.hpp">
      <Filter>Header Files\components</Filter>
    </ClInclude>
    <ClInclude Include="..\src\components\game_stats.hpp">
      <Filter>Header Files\components</Filter>
    </ClInclude>
    <ClInclude Include="..\src\components\grazer_ai.hpp">
      <Filter>Header Files\components</Filter>
    </ClInclude>
    <ClInclude Include="..\src\components\health.hpp">
      <Filter>Header Files\components</Filter>
    </ClInclude>
    <ClInclude Include="..\src\components\item.hpp">
      <Filter>Header Files\components</Filter>
    </ClInclude>
    <ClInclude Include="..\src\components\item_carried.hpp">
      <Filter>Header Files\components</Filter>
    </ClInclude>
    <ClInclude Include="..\src\components\item_stored.hpp">
      <Filter>Header Files\components</Filter>
    </ClInclude>
    <ClInclude Include="..\src\components\lightsource.hpp">
      <Filter>Header Files\components</Filter>
    </ClInclude>
    <ClInclude Include="..\src\components\settler_ai.hpp">
      <Filter>Header Files\components</Filter>
    </ClInclude>
    <ClInclude Include="..\src\components\species.hpp">
      <Filter>Header Files\components</Filter>
    </ClInclude>
    <ClInclude Include="..\src\components\viewshed.hpp">
      <Filter>Header Files\components</Filter>
    </ClInclude>
    <ClInclude Include="..\src\components\wildlife_group.hpp">
      <Filter>Header Files\components</Filter>
    </ClInclude>
    <ClInclude Include="..\src\systems\camera_system.hpp">
      <Filter>Header Files\systems</Filter>
    </ClInclude>
    <ClInclude Include="..\src\systems\damage_system.hpp">
      <Filter>Header Files\systems</Filter>
    </ClInclude>
    <ClInclude Include="..\src\systems\inventory_system.hpp">
      <Filter>Header Files\systems</Filter>
    </ClInclude>
    <ClInclude Include="..\src\systems\lighting_system.hpp">
      <Filter>Header Files\systems</Filter>
    </ClInclude>
    <ClInclude Include="..\src\systems\mining_system.hpp">
      <Filter>Header Files\systems</Filter>
    </ClInclude>
    <ClInclude Include="..\src\systems\mode_rogue_render_system.hpp">
      <Filter>Header Files\systems</Filter>
    </ClInclude>
    <ClInclude Include="..\src\systems\mode_rogue_system.hpp">
      <Filter>Header Files\systems</Filter>
    </ClInclude>
    <ClInclude Include="..\src\systems\mode_units_system.hpp">
      <Filter>Header Files\systems</Filter>
    </ClInclude>
    <ClInclude Include="..\src\systems\movement_system.hpp">
      <Filter>Header Files\systems</Filter>
    </ClInclude>
    <ClInclude Include="..\src\systems\panel_render_system.hpp">
      <Filter>Header Files\systems</Filter>
    </ClInclude>
    <ClInclude Include="..\src\systems\path_finding.hpp">
      <Filter>Header Files\systems</Filter>
    </ClInclude>
    <ClInclude Include="..\src\systems\power_system.hpp">
      <Filter>Header Files\systems</Filter>
    </ClInclude>
    <ClInclude Include="..\src\systems\renderables_system.hpp">
      <Filter>Header Files\systems</Filter>
    </ClInclude>
    <ClInclude Include="..\src\systems\settler_ai_system.hpp">
      <Filter>Header Files\systems</Filter>
    </ClInclude>
    <ClInclude Include="..\src\systems\topology_system.hpp">
      <Filter>Header Files\systems</Filter>
    </ClInclude>
    <ClInclude Include="..\src\systems\visibility_system.hpp">
      <Filter>Header Files\systems</Filter>
    </ClInclude>
    <ClInclude Include="..\src\systems\wildlife_population_system.hpp">
      <Filter>Header Files\systems</Filter>
    </ClInclude>
    <ClInclude Include="..\src\systems\workflow_system.hpp">
      <Filter>Header Files\systems</Filter>
    </ClInclude>
    <ClInclude Include="..\src\utils\bitset8.hpp">
      <Filter>Header Files\utils</Filter>
    </ClInclude>
    <ClInclude Include="..\src\utils\octree.hpp">
      <Filter>Header Files\utils</Filter>
    </ClInclude>
    <ClInclude Include="..\src\utils\string_utils.hpp">
      <Filter>Header Files\utils</Filter>
    </ClInclude>
    <ClInclude Include="..\src\raws\health_factory.hpp">
      <Filter>Header Files\raws</Filter>
    </ClInclude>
    <ClInclude Include="..\src\raws\lua_bridge.hpp">
      <Filter>Header Files\raws</Filter>
    </ClInclude>
    <ClInclude Include="..\src\planet\builder\biome_builder.hpp">
      <Filter>Header Files\planet\builder</Filter>
    </ClInclude>
    <ClInclude Include="..\src\planet\builder\map_builder.hpp">
      <Filter>Header Files\planet\builder</Filter>
    </ClInclude>
    <ClInclude Include="..\src\planet\builder\noise_helper.hpp">
      <Filter>Header Files\planet\builder</Filter>
    </ClInclude>
    <ClInclude Include="..\src\planet\builder\region_builder.hpp">
      <Filter>Header Files\planet\builder</Filter>
    </ClInclude>
    <ClInclude Include="..\src\planet\builder\settler_builder.hpp">
      <Filter>Header Files\planet\builder</Filter>
    </ClInclude>
    <ClInclude Include="..\src\planet\constants.hpp">
      <Filter>Header Files\planet</Filter>
    </ClInclude>
    <ClInclude Include="..\src\planet\tile.hpp">
      <Filter>Header Files\planet</Filter>
    </ClInclude>
    <ClInclude Include="..\src\rltk\rltk\rexspeeder.hpp">
      <Filter>Header Files\rltk</Filter>
    </ClInclude>
    <ClInclude Include="..\src\systems\keyboard_system.hpp">
      <Filter>Header Files\systems</Filter>
    </ClInclude>
    <ClInclude Include="..\src\systems\vegetation_system.hpp">
      <Filter>Header Files\systems</Filter>
    </ClInclude>
    <ClInclude Include="..\src\messages\build_request_message.hpp">
      <Filter>Header Files\messages</Filter>
    </ClInclude>
    <ClInclude Include="..\src\messages\emit_particles_message.hpp">
      <Filter>Header Files\messages</Filter>
    </ClInclude>
    <ClInclude Include="..\src\messages\entity_moved_message.hpp">
      <Filter>Header Files\messages</Filter>
    </ClInclude>
    <ClInclude Include="..\src\messages\inflict_damage_message.hpp">
      <Filter>Header Files\messages</Filter>
    </ClInclude>
    <ClInclude Include="..\src\messages\inputs.hpp">
      <Filter>Header Files\messages</Filter>
    </ClInclude>
    <ClInclude Include="..\src\messages\inventory_changed_message.hpp">
      <Filter>Header Files\messages</Filter>
    </ClInclude>
    <ClInclude Include="..\src\messages\map_dirty_message.hpp">
      <Filter>Header Files\messages</Filter>
    </ClInclude>
    <ClInclude Include="..\src\messages\perform_construction.hpp">
      <Filter>Header Files\messages</Filter>
    </ClInclude>
    <ClInclude Include="..\src\messages\perform_mining.hpp">
      <Filter>Header Files\messages</Filter>
    </ClInclude>
    <ClInclude Include="..\src\messages\power_changed_message.hpp">
      <Filter>Header Files\messages</Filter>
    </ClInclude>
    <ClInclude Include="..\src\messages\power_consumed.hpp">
      <Filter>Header Files\messages</Filter>
    </ClInclude>
    <ClInclude Include="..\src\messages\recalculate_mining_message.hpp">
      <Filter>Header Files\messages</Filter>
    </ClInclude>
    <ClInclude Include="..\src\messages\renderables_changed_message.hpp">
      <Filter>Header Files\messages</Filter>
    </ClInclude>
    <ClInclude Include="..\src\messages\update_workflow_message.hpp">
      <Filter>Header Files\messages</Filter>
    </ClInclude>
    <ClInclude Include="..\src\messages\vegetation_damage_message.hpp">
      <Filter>Header Files\messages</Filter>
    </ClInclude>
    <ClInclude Include="..\src\systems\particle_system.hpp">
      <Filter>Header Files\systems</Filter>
    </ClInclude>
    <ClInclude Include="..\src\systems\corpse_system.hpp">
      <Filter>Header Files\systems</Filter>
    </ClInclude>
    <ClInclude Include="..\src\components\sentient_ai.hpp">
      <Filter>Header Files\components</Filter>
    </ClInclude>
    <ClInclude Include="..\src\planet\builder\history_builder.hpp">
      <Filter>Header Files\planet\builder</Filter>
    </ClInclude>
    <ClInclude Include="..\src\planet\builder\sentient_builder.hpp">
      <Filter>Header Files\planet\builder</Filter>
    </ClInclude>
    <ClInclude Include="..\src\systems\world_system.hpp">
      <Filter>Header Files\systems</Filter>
    </ClInclude>
    <ClInclude Include="..\src\main\constants.hpp">
      <Filter>Header Files\main</Filter>
    </ClInclude>
    <ClInclude Include="..\src\main\game_globals.hpp">
      <Filter>Header Files\main</Filter>
    </ClInclude>
    <ClInclude Include="..\src\main\main_menu.hpp">
      <Filter>Header Files\main</Filter>
    </ClInclude>
    <ClInclude Include="..\src\main\menu_helper.hpp">
      <Filter>Header Files\main</Filter>
    </ClInclude>
    <ClInclude Include="..\src\main\play_game.hpp">
      <Filter>Header Files\main</Filter>
    </ClInclude>
    <ClInclude Include="..\src\main\splash_screen.hpp">
      <Filter>Header Files\main</Filter>
    </ClInclude>
    <ClInclude Include="..\src\main\world_gen.hpp">
      <Filter>Header Files\main</Filter>
    </ClInclude>
    <ClInclude Include="..\src\planet\civilizations.hpp">
      <Filter>Header Files\planet</Filter>
    </ClInclude>
    <ClInclude Include="..\src\planet\history.hpp">
      <Filter>Header Files\planet</Filter>
    </ClInclude>
    <ClInclude Include="..\src\FastNoise\FastNoise.h">
      <Filter>Header Files\FastNoise</Filter>
    </ClInclude>
    <ClInclude Include="..\src\systems\weapons_helpers.hpp">
      <Filter>Header Files\systems</Filter>
    </ClInclude>
    <ClInclude Include="..\src\systems\sentient_ai_system.hpp">
      <Filter>Header Files\systems</Filter>
    </ClInclude>
    <ClInclude Include="..\src\messages\game_over_message.hpp">
      <Filter>Header Files\messages</Filter>
    </ClInclude>
    <ClInclude Include="..\src\systems\game_over_system.hpp">
      <Filter>Header Files\systems</Filter>
    </ClInclude>
    <ClInclude Include="..\src\systems\mode_civs_system.hpp">
      <Filter>Header Files\systems</Filter>
    </ClInclude>
    <ClInclude Include="..\src\systems\tasks\idle_mode.hpp">
      <Filter>Header Files\systems\tasks</Filter>
    </ClInclude>
    <ClInclude Include="..\src\systems\tasks\pathfinding.hpp">
      <Filter>Header Files\systems\tasks</Filter>
    </ClInclude>
    <ClInclude Include="..\src\systems\tasks\settler_cancel_action.hpp">
      <Filter>Header Files\systems\tasks</Filter>
    </ClInclude>
    <ClInclude Include="..\src\systems\tasks\settler_drop_tool.hpp">
      <Filter>Header Files\systems\tasks</Filter>
    </ClInclude>
    <ClInclude Include="..\src\systems\tasks\settler_glyph.hpp">
      <Filter>Header Files\systems\tasks</Filter>
    </ClInclude>
    <ClInclude Include="..\src\systems\tasks\settler_job_status.hpp">
      <Filter>Header Files\systems\tasks</Filter>
    </ClInclude>
    <ClInclude Include="..\src\systems\tasks\initiative.hpp">
      <Filter>Header Files\systems\tasks</Filter>
    </ClInclude>
    <ClInclude Include="..\src\systems\log_system.hpp">
      <Filter>Header Files\systems</Filter>
    </ClInclude>
    <ClInclude Include="..\src\messages\log_message.hpp">
      <Filter>Header Files\messages</Filter>
    </ClInclude>
    <ClInclude Include="..\src\components\logger.hpp">
      <Filter>Header Files\components</Filter>
    </ClInclude>
    <ClInclude Include="..\src\systems\gui_elements.hpp">
      <Filter>Header Files\systems</Filter>
    </ClInclude>
    <ClInclude Include="..\src\systems\gui_system.hpp">
      <Filter>Header Files\systems</Filter>
    </ClInclude>
    <ClInclude Include="..\src\systems\hud_system.hpp">
      <Filter>Header Files\systems</Filter>
    </ClInclude>
    <ClInclude Include="..\src\systems\mouse_input_system.hpp">
      <Filter>Header Files\systems</Filter>
    </ClInclude>
    <ClInclude Include="..\src\systems\mode_design_system.hpp">
      <Filter>Header Files\systems</Filter>
    </ClInclude>
    <ClInclude Include="..\src\systems\mode_play_system.hpp">
      <Filter>Header Files\systems</Filter>
    </ClInclude>
    <ClInclude Include="..\src\systems\mode_settler_info_system.hpp">
      <Filter>Header Files\systems</Filter>
    </ClInclude>
    <ClInclude Include="..\src\systems\mode_standing_orders.hpp">
      <Filter>Header Files\systems</Filter>
    </ClInclude>
  </ItemGroup>
  <ItemGroup>
    <ClCompile Include="..\src\main.cpp">
      <Filter>Source Files</Filter>
    </ClCompile>
    <ClCompile Include="$(MSBuildThisFileDirectory)..\..\lib\native\src\boost_filesystem.codecvt_error_category.cpp">
      <Filter>Source Files\boost</Filter>
    </ClCompile>
    <ClCompile Include="$(MSBuildThisFileDirectory)..\..\lib\native\src\boost_filesystem.operations.cpp">
      <Filter>Source Files\boost</Filter>
    </ClCompile>
    <ClCompile Include="$(MSBuildThisFileDirectory)..\..\lib\native\src\boost_filesystem.path.cpp">
      <Filter>Source Files\boost</Filter>
    </ClCompile>
    <ClCompile Include="$(MSBuildThisFileDirectory)..\..\lib\native\src\boost_filesystem.path_traits.cpp">
      <Filter>Source Files\boost</Filter>
    </ClCompile>
    <ClCompile Include="$(MSBuildThisFileDirectory)..\..\lib\native\src\boost_filesystem.portability.cpp">
      <Filter>Source Files\boost</Filter>
    </ClCompile>
    <ClCompile Include="$(MSBuildThisFileDirectory)..\..\lib\native\src\boost_filesystem.unique_path.cpp">
      <Filter>Source Files\boost</Filter>
    </ClCompile>
    <ClCompile Include="$(MSBuildThisFileDirectory)..\..\lib\native\src\boost_filesystem.utf8_codecvt_facet.cpp">
      <Filter>Source Files\boost</Filter>
    </ClCompile>
    <ClCompile Include="$(MSBuildThisFileDirectory)..\..\lib\native\src\boost_filesystem.windows_file_codecvt.cpp">
      <Filter>Source Files\boost</Filter>
    </ClCompile>
    <ClCompile Include="$(MSBuildThisFileDirectory)..\..\lib\native\src\boost_system.error_code.cpp">
      <Filter>Source Files\boost</Filter>
    </ClCompile>
    <ClCompile Include="..\src\rltk\rltk\color_t.cpp">
      <Filter>Source Files\rltk</Filter>
    </ClCompile>
    <ClCompile Include="..\src\rltk\rltk\font_manager.cpp">
      <Filter>Source Files\rltk</Filter>
    </ClCompile>
    <ClCompile Include="..\src\rltk\rltk\geometry.cpp">
      <Filter>Source Files\rltk</Filter>
    </ClCompile>
    <ClCompile Include="..\src\rltk\rltk\gui.cpp">
      <Filter>Source Files\rltk</Filter>
    </ClCompile>
    <ClCompile Include="..\src\rltk\rltk\gui_control_t.cpp">
      <Filter>Source Files\rltk</Filter>
    </ClCompile>
    <ClCompile Include="..\src\rltk\rltk\input_handler.cpp">
      <Filter>Source Files\rltk</Filter>
    </ClCompile>
    <ClCompile Include="..\src\rltk\rltk\layer_t.cpp">
      <Filter>Source Files\rltk</Filter>
    </ClCompile>
    <ClCompile Include="..\src\rltk\rltk\perlin_noise.cpp">
      <Filter>Source Files\rltk</Filter>
    </ClCompile>
    <ClCompile Include="..\src\rltk\rltk\rltk.cpp">
      <Filter>Source Files\rltk</Filter>
    </ClCompile>
    <ClCompile Include="..\src\rltk\rltk\rng.cpp">
      <Filter>Source Files\rltk</Filter>
    </ClCompile>
    <ClCompile Include="..\src\rltk\rltk\virtual_terminal_sparse.cpp">
      <Filter>Source Files\rltk</Filter>
    </ClCompile>
    <ClCompile Include="..\src\rltk\rltk\virtual_terminal.cpp">
      <Filter>Source Files\rltk</Filter>
    </ClCompile>
    <ClCompile Include="..\src\rltk\rltk\texture_resources.cpp">
      <Filter>Source Files\rltk</Filter>
    </ClCompile>
    <ClCompile Include="..\src\systems\calendar_system.cpp">
      <Filter>Source Files\systems</Filter>
    </ClCompile>
    <ClCompile Include="..\src\systems\map_render_system.cpp">
      <Filter>Source Files\systems</Filter>
    </ClCompile>
    <ClCompile Include="..\src\components\loader.cpp">
      <Filter>Source Files\components</Filter>
    </ClCompile>
    <ClCompile Include="..\src\planet\planet.cpp">
      <Filter>Source Files\planet</Filter>
    </ClCompile>
    <ClCompile Include="..\src\planet\planet_builder.cpp">
      <Filter>Source Files\planet</Filter>
    </ClCompile>
    <ClCompile Include="..\src\planet\region.cpp">
      <Filter>Source Files\planet</Filter>
    </ClCompile>
    <ClCompile Include="..\src\raws\raws.cpp">
      <Filter>Source Files\raws</Filter>
    </ClCompile>
    <ClCompile Include="..\src\rltk\rltk\ecs.cpp">
      <Filter>Source Files\rltk</Filter>
    </ClCompile>
    <ClCompile Include="..\src\components\building.cpp">
      <Filter>Source Files\components</Filter>
    </ClCompile>
    <ClCompile Include="..\src\components\calendar.cpp">
      <Filter>Source Files\components</Filter>
    </ClCompile>
    <ClCompile Include="..\src\components\game_stats.cpp">
      <Filter>Source Files\components</Filter>
    </ClCompile>
    <ClCompile Include="..\src\systems\camera_system.cpp">
      <Filter>Source Files\systems</Filter>
    </ClCompile>
    <ClCompile Include="..\src\systems\damage_system.cpp">
      <Filter>Source Files\systems</Filter>
    </ClCompile>
    <ClCompile Include="..\src\systems\inventory_system.cpp">
      <Filter>Source Files\systems</Filter>
    </ClCompile>
    <ClCompile Include="..\src\systems\lighting_system.cpp">
      <Filter>Source Files\systems</Filter>
    </ClCompile>
    <ClCompile Include="..\src\systems\mining_system.cpp">
      <Filter>Source Files\systems</Filter>
    </ClCompile>
    <ClCompile Include="..\src\systems\mode_rogue_render_system.cpp">
      <Filter>Source Files\systems</Filter>
    </ClCompile>
    <ClCompile Include="..\src\systems\mode_rogue_system.cpp">
      <Filter>Source Files\systems</Filter>
    </ClCompile>
    <ClCompile Include="..\src\systems\mode_units_system.cpp">
      <Filter>Source Files\systems</Filter>
    </ClCompile>
    <ClCompile Include="..\src\systems\movement_system.cpp">
      <Filter>Source Files\systems</Filter>
    </ClCompile>
    <ClCompile Include="..\src\systems\panel_render_system.cpp">
      <Filter>Source Files\systems</Filter>
    </ClCompile>
    <ClCompile Include="..\src\systems\path_finding.cpp">
      <Filter>Source Files\systems</Filter>
    </ClCompile>
    <ClCompile Include="..\src\systems\power_system.cpp">
      <Filter>Source Files\systems</Filter>
    </ClCompile>
    <ClCompile Include="..\src\systems\renderables_system.cpp">
      <Filter>Source Files\systems</Filter>
    </ClCompile>
    <ClCompile Include="..\src\systems\settler_ai_system.cpp">
      <Filter>Source Files\systems</Filter>
    </ClCompile>
    <ClCompile Include="..\src\systems\topology_system.cpp">
      <Filter>Source Files\systems</Filter>
    </ClCompile>
    <ClCompile Include="..\src\systems\visibility_system.cpp">
      <Filter>Source Files\systems</Filter>
    </ClCompile>
    <ClCompile Include="..\src\systems\wildlife_population_system.cpp">
      <Filter>Source Files\systems</Filter>
    </ClCompile>
    <ClCompile Include="..\src\systems\workflow_system.cpp">
      <Filter>Source Files\systems</Filter>
    </ClCompile>
    <ClCompile Include="..\src\utils\octree.cpp">
      <Filter>Source Files\utils</Filter>
    </ClCompile>
    <ClCompile Include="..\src\utils\string_utils.cpp">
      <Filter>Source Files\utils</Filter>
    </ClCompile>
    <ClCompile Include="..\src\raws\health_factory.cpp">
      <Filter>Source Files\raws</Filter>
    </ClCompile>
    <ClCompile Include="..\src\raws\lua_bridge.cpp">
      <Filter>Source Files\raws</Filter>
    </ClCompile>
    <ClCompile Include="..\src\planet\builder\biome_builder.cpp">
      <Filter>Source Files\planet\builder</Filter>
    </ClCompile>
    <ClCompile Include="..\src\planet\builder\map_builder.cpp">
      <Filter>Source Files\planet\builder</Filter>
    </ClCompile>
    <ClCompile Include="..\src\planet\builder\region_builder.cpp">
      <Filter>Source Files\planet\builder</Filter>
    </ClCompile>
    <ClCompile Include="..\src\planet\builder\settler_builder.cpp">
      <Filter>Source Files\planet\builder</Filter>
    </ClCompile>
    <ClCompile Include="..\src\rltk\rltk\rexspeeder.cpp">
      <Filter>Source Files\rltk</Filter>
    </ClCompile>
    <ClCompile Include="$(MSBuildThisFileDirectory)..\..\lib\native\src\boost_iostreams.file_descriptor.cpp">
      <Filter>Source Files</Filter>
    </ClCompile>
    <ClCompile Include="$(MSBuildThisFileDirectory)..\..\lib\native\src\boost_iostreams.mapped_file.cpp">
      <Filter>Source Files</Filter>
    </ClCompile>
    <ClCompile Include="..\src\systems\keyboard_system.cpp">
      <Filter>Source Files\systems</Filter>
    </ClCompile>
    <ClCompile Include="..\src\systems\vegetation_system.cpp">
      <Filter>Source Files\systems</Filter>
    </ClCompile>
    <ClCompile Include="..\src\systems\particle_system.cpp">
      <Filter>Source Files\systems</Filter>
    </ClCompile>
    <ClCompile Include="..\src\systems\corpse_system.cpp">
      <Filter>Source Files\systems</Filter>
    </ClCompile>
    <ClCompile Include="..\src\planet\builder\history_builder.cpp">
      <Filter>Source Files\planet\builder</Filter>
    </ClCompile>
    <ClCompile Include="..\src\planet\builder\sentient_builder.cpp">
      <Filter>Source Files\planet\builder</Filter>
    </ClCompile>
    <ClCompile Include="..\src\systems\world_system.cpp">
      <Filter>Source Files\systems</Filter>
    </ClCompile>
    <ClCompile Include="..\src\main\game_globals.cpp">
      <Filter>Source Files\main</Filter>
    </ClCompile>
    <ClCompile Include="..\src\main\main_menu.cpp">
      <Filter>Source Files\main</Filter>
    </ClCompile>
    <ClCompile Include="..\src\main\menu_helper.cpp">
      <Filter>Source Files\main</Filter>
    </ClCompile>
    <ClCompile Include="..\src\main\play_game.cpp">
      <Filter>Source Files\main</Filter>
    </ClCompile>
    <ClCompile Include="..\src\main\splash_screen.cpp">
      <Filter>Source Files\main</Filter>
    </ClCompile>
    <ClCompile Include="..\src\main\world_gen.cpp">
      <Filter>Source Files\main</Filter>
    </ClCompile>
    <ClCompile Include="..\src\planet\civilizations.cpp">
      <Filter>Source Files\planet</Filter>
    </ClCompile>
    <ClCompile Include="..\src\planet\history.cpp">
      <Filter>Source Files\planet</Filter>
    </ClCompile>
    <ClCompile Include="..\src\FastNoise\FastNoise.cpp">
      <Filter>Source Files\FastNoise</Filter>
    </ClCompile>
    <ClCompile Include="..\src\systems\weapons_helpers.cpp">
      <Filter>Source Files\systems</Filter>
    </ClCompile>
    <ClCompile Include="..\src\systems\sentient_ai_system.cpp">
      <Filter>Source Files\systems</Filter>
    </ClCompile>
    <ClCompile Include="..\src\systems\game_over_system.cpp">
      <Filter>Source Files\systems</Filter>
    </ClCompile>
    <ClCompile Include="..\src\systems\mode_civs_system.cpp">
      <Filter>Source Files\systems</Filter>
    </ClCompile>
    <ClCompile Include="..\src\systems\tasks\idle_mode.cpp">
      <Filter>Source Files\systems\tasks</Filter>
    </ClCompile>
    <ClCompile Include="..\src\systems\tasks\settler_cancel_action.cpp">
      <Filter>Source Files\systems\tasks</Filter>
    </ClCompile>
    <ClCompile Include="..\src\systems\tasks\settler_drop_tool.cpp">
      <Filter>Source Files\systems\tasks</Filter>
    </ClCompile>
    <ClCompile Include="..\src\systems\tasks\settler_glyph.cpp">
      <Filter>Source Files\systems\tasks</Filter>
    </ClCompile>
    <ClCompile Include="..\src\systems\tasks\settler_job_status.cpp">
      <Filter>Source Files\systems\tasks</Filter>
    </ClCompile>
    <ClCompile Include="..\src\systems\log_system.cpp">
      <Filter>Source Files\systems</Filter>
    </ClCompile>
    <ClCompile Include="..\src\components\logger.cpp">
      <Filter>Source Files\components</Filter>
    </ClCompile>
    <ClCompile Include="..\src\systems\gui_system.cpp">
      <Filter>Source Files\systems</Filter>
    </ClCompile>
    <ClCompile Include="..\src\systems\hud_system.cpp">
      <Filter>Source Files\systems</Filter>
    </ClCompile>
    <ClCompile Include="..\src\systems\mouse_input_system.cpp">
      <Filter>Source Files\systems</Filter>
    </ClCompile>
    <ClCompile Include="..\src\systems\mode_design_system.cpp">
      <Filter>Source Files\systems</Filter>
    </ClCompile>
    <ClCompile Include="..\src\systems\mode_play_system.cpp">
      <Filter>Source Files\systems</Filter>
    </ClCompile>
    <ClCompile Include="..\src\systems\mode_settler_info_system.cpp">
      <Filter>Source Files\systems</Filter>
    </ClCompile>
    <ClCompile Include="..\src\systems\mode_standing_orders.cpp">
      <Filter>Source Files\systems</Filter>
    </ClCompile>
  </ItemGroup>
</Project>