<?xml version="1.0" encoding="utf-8"?>
<Project ToolsVersion="4.0" xmlns="http://schemas.microsoft.com/developer/msbuild/2003">
  <ItemGroup>
    <Filter Include="Source Files">
      <UniqueIdentifier>{4FC737F1-C7A5-4376-A066-2A32D752A2FF}</UniqueIdentifier>
      <Extensions>cpp;c;cc;cxx;def;odl;idl;hpj;bat;asm;asmx;h;hpp</Extensions>
    </Filter>
    <Filter Include="Header Files">
      <UniqueIdentifier>{93995380-89BD-4b04-88EB-625FBE52EBFB}</UniqueIdentifier>
      <Extensions>h;hh;hpp;hxx;hm;inl;inc;xsd</Extensions>
    </Filter>
    <Filter Include="Header Files\components">
      <UniqueIdentifier>{eca970fd-d6c3-4a4d-8dfa-9fba3588b1a7}</UniqueIdentifier>
    </Filter>
    <Filter Include="Source Files\components">
      <UniqueIdentifier>{d8a7dd60-9719-4705-9918-2312f5067a83}</UniqueIdentifier>
    </Filter>
    <Filter Include="Header Files\components\ai_tags">
      <UniqueIdentifier>{65ff91cd-5deb-4ba7-b797-5a01450174e9}</UniqueIdentifier>
    </Filter>
    <Filter Include="Header Files\components\helpers">
      <UniqueIdentifier>{6e7f917c-873d-4152-9dda-f14b7b95b601}</UniqueIdentifier>
    </Filter>
    <Filter Include="Header Files\global_assets">
      <UniqueIdentifier>{17a58f29-ec5b-4ff2-b9ee-2d6c00bfd8e5}</UniqueIdentifier>
    </Filter>
    <Filter Include="Source Files\global_assets">
      <UniqueIdentifier>{939872b1-eae0-4844-8d4d-e2f2c008c31e}</UniqueIdentifier>
    </Filter>
    <Filter Include="Header Files\main_loops">
      <UniqueIdentifier>{e9aa6fae-7970-4366-bb2e-dff562118e51}</UniqueIdentifier>
    </Filter>
    <Filter Include="Source Files\main_loops">
      <UniqueIdentifier>{e843a5b0-4b3e-49b7-8efd-c8774aeb6d34}</UniqueIdentifier>
    </Filter>
    <Filter Include="Header Files\systems">
      <UniqueIdentifier>{dc4a2726-6f01-4003-983a-f28e481775a0}</UniqueIdentifier>
    </Filter>
    <Filter Include="Source Files\systems">
      <UniqueIdentifier>{4f102b5b-de45-4377-b0a7-e49cba059213}</UniqueIdentifier>
    </Filter>
    <Filter Include="Header Files\systems\gui">
      <UniqueIdentifier>{2c8e7265-8f36-4f2c-af52-2949db63054a}</UniqueIdentifier>
    </Filter>
    <Filter Include="Source Files\systems\gui">
      <UniqueIdentifier>{6e306647-249c-4b17-85e1-e794bce89597}</UniqueIdentifier>
    </Filter>
    <Filter Include="Header Files\systems\io">
      <UniqueIdentifier>{cc0f0404-7d18-48a9-b991-dbfb5fd0e2db}</UniqueIdentifier>
    </Filter>
    <Filter Include="Source Files\systems\io">
      <UniqueIdentifier>{e7259cf6-5c71-4ab7-9708-89b349402b5f}</UniqueIdentifier>
    </Filter>
    <Filter Include="Header Files\systems\physics">
      <UniqueIdentifier>{4811a950-9120-4588-84c7-ddd5f25745ca}</UniqueIdentifier>
    </Filter>
    <Filter Include="Source Files\systems\physics">
      <UniqueIdentifier>{c02cc9ea-046e-41b4-b076-477fec591577}</UniqueIdentifier>
    </Filter>
    <Filter Include="Header Files\systems\power">
      <UniqueIdentifier>{df20b8f1-d1f7-4a7f-bd90-bbeba673a90c}</UniqueIdentifier>
    </Filter>
    <Filter Include="Source Files\systems\power">
      <UniqueIdentifier>{3b5e6707-7133-4b0d-994c-1d241620f5ba}</UniqueIdentifier>
    </Filter>
    <Filter Include="Header Files\systems\scheduler">
      <UniqueIdentifier>{bc811f5e-b203-4336-9964-5f39500636ff}</UniqueIdentifier>
    </Filter>
    <Filter Include="Source Files\systems\scheduler">
      <UniqueIdentifier>{3dd4648f-2ad6-41eb-9f0f-0f6c759898a5}</UniqueIdentifier>
    </Filter>
    <Filter Include="Source Files\systems\ai">
      <UniqueIdentifier>{7f9e30b2-8a21-469f-9187-4088bc5e0cb5}</UniqueIdentifier>
    </Filter>
    <Filter Include="Header Files\systems\ai">
      <UniqueIdentifier>{1ace16fa-e404-407d-bda2-2f861830e17a}</UniqueIdentifier>
    </Filter>
    <Filter Include="Header Files\utils">
      <UniqueIdentifier>{0283d413-ba5f-48fb-81ee-181afddfec04}</UniqueIdentifier>
    </Filter>
    <Filter Include="Header Files\systems\world">
      <UniqueIdentifier>{73dc8586-2355-4b99-80d5-5394b31a2dc9}</UniqueIdentifier>
    </Filter>
    <Filter Include="Source Files\systems\world">
      <UniqueIdentifier>{0f143cbb-af27-49d3-a444-8ec21511a7e7}</UniqueIdentifier>
    </Filter>
    <Filter Include="Header Files\systems\helpers">
      <UniqueIdentifier>{e7f01155-5949-41d9-914a-de211d7df063}</UniqueIdentifier>
    </Filter>
    <Filter Include="Source Files\systems\helpers">
      <UniqueIdentifier>{2d7a7f3e-0333-4978-a557-06f0b9c5dad8}</UniqueIdentifier>
    </Filter>
    <Filter Include="Header Files\systems\ai\settler">
      <UniqueIdentifier>{8217cd8e-04cb-4db3-a5a7-a00ba93864a3}</UniqueIdentifier>
    </Filter>
    <Filter Include="Source Files\systems\ai\settler">
      <UniqueIdentifier>{0aa5a9fc-13b2-4762-acd8-afd6db1e1ff3}</UniqueIdentifier>
    </Filter>
    <Filter Include="Header Files\systems\damage">
      <UniqueIdentifier>{9fb49975-da16-44fa-8ee8-36c262b46264}</UniqueIdentifier>
    </Filter>
    <Filter Include="Source Files\systems\damage">
      <UniqueIdentifier>{e8e5aab8-7781-41e1-a53d-b482d472f648}</UniqueIdentifier>
    </Filter>
    <Filter Include="Header Files\components\item_tags">
      <UniqueIdentifier>{3042033d-a2b2-4ecf-97f6-4ee30d44dcfc}</UniqueIdentifier>
    </Filter>
    <Filter Include="Header Files\components\items">
      <UniqueIdentifier>{6b814140-3401-4e60-bf75-8367983df04b}</UniqueIdentifier>
    </Filter>
    <Filter Include="Source Files\components\items">
      <UniqueIdentifier>{1c3713cb-6a5f-4615-83b0-b726116fbffb}</UniqueIdentifier>
    </Filter>
    <Filter Include="Header Files\components\mining">
      <UniqueIdentifier>{541b25cd-eda9-44fe-bfe7-8e9e4649ce10}</UniqueIdentifier>
    </Filter>
    <Filter Include="Header Files\components\farming">
      <UniqueIdentifier>{9b213e2d-1f70-4177-b499-ab69a5896f6d}</UniqueIdentifier>
    </Filter>
    <Filter Include="Header Files\components\buildings">
      <UniqueIdentifier>{ea6c77e5-178b-4cd7-8a88-3f6278a13d3f}</UniqueIdentifier>
    </Filter>
    <Filter Include="Source Files\utils">
      <UniqueIdentifier>{ede68fdd-5816-4fbc-b7d8-f568ad396951}</UniqueIdentifier>
    </Filter>
    <Filter Include="Header Files\components\machinery">
      <UniqueIdentifier>{7db62ef9-2beb-49fd-b5e1-fc573f393f35}</UniqueIdentifier>
    </Filter>
  </ItemGroup>
  <ItemGroup>
    <ClCompile Include="..\..\src\main.cpp">
      <Filter>Source Files</Filter>
    </ClCompile>
    <ClCompile Include="..\..\src\components\calendar.cpp">
      <Filter>Source Files\components</Filter>
    </ClCompile>
    <ClCompile Include="..\..\src\components\game_stats.cpp">
      <Filter>Source Files\components</Filter>
    </ClCompile>
    <ClCompile Include="..\..\src\components\logger.cpp">
      <Filter>Source Files\components</Filter>
    </ClCompile>
    <ClCompile Include="..\..\src\components\species.cpp">
      <Filter>Source Files\components</Filter>
    </ClCompile>
    <ClCompile Include="..\..\src\main_loops\main_menu.cpp">
      <Filter>Source Files\main_loops</Filter>
    </ClCompile>
    <ClCompile Include="..\..\src\main_loops\play_game.cpp">
      <Filter>Source Files\main_loops</Filter>
    </ClCompile>
    <ClCompile Include="..\..\src\main_loops\splash_screen.cpp">
      <Filter>Source Files\main_loops</Filter>
    </ClCompile>
    <ClCompile Include="..\..\src\main_loops\worldgen.cpp">
      <Filter>Source Files\main_loops</Filter>
    </ClCompile>
    <ClCompile Include="..\..\src\systems\keydamper.cpp">
      <Filter>Source Files\systems</Filter>
    </ClCompile>
    <ClCompile Include="..\..\src\systems\mouse.cpp">
      <Filter>Source Files\systems</Filter>
    </ClCompile>
    <ClCompile Include="..\..\src\systems\run_systems.cpp">
      <Filter>Source Files\systems</Filter>
    </ClCompile>
    <ClCompile Include="..\..\src\systems\gui\civ_ui_system.cpp">
      <Filter>Source Files\systems\gui</Filter>
    </ClCompile>
    <ClCompile Include="..\..\src\systems\gui\hud_system.cpp">
      <Filter>Source Files\systems\gui</Filter>
    </ClCompile>
    <ClCompile Include="..\..\src\systems\gui\log_system.cpp">
      <Filter>Source Files\systems\gui</Filter>
    </ClCompile>
    <ClCompile Include="..\..\src\systems\gui\tooltip_system.cpp">
      <Filter>Source Files\systems\gui</Filter>
    </ClCompile>
    <ClCompile Include="..\..\src\systems\io\camera_system.cpp">
      <Filter>Source Files\systems\io</Filter>
    </ClCompile>
    <ClCompile Include="..\..\src\systems\physics\fluid_system.cpp">
      <Filter>Source Files\systems\physics</Filter>
    </ClCompile>
    <ClCompile Include="..\..\src\systems\power\power_system.cpp">
      <Filter>Source Files\systems\power</Filter>
    </ClCompile>
    <ClCompile Include="..\..\src\systems\scheduler\calendar_system.cpp">
      <Filter>Source Files\systems\scheduler</Filter>
    </ClCompile>
    <ClCompile Include="..\..\src\systems\scheduler\initiative_system.cpp">
      <Filter>Source Files\systems\scheduler</Filter>
    </ClCompile>
    <ClCompile Include="..\..\src\systems\scheduler\tick_system.cpp">
      <Filter>Source Files\systems\scheduler</Filter>
    </ClCompile>
    <ClCompile Include="..\..\src\systems\gui\settler_info_system.cpp">
      <Filter>Source Files\systems\gui</Filter>
    </ClCompile>
    <ClCompile Include="..\..\src\global_assets\game_calendar.cpp">
      <Filter>Source Files\global_assets</Filter>
    </ClCompile>
    <ClCompile Include="..\..\src\global_assets\game_camera.cpp">
      <Filter>Source Files\global_assets</Filter>
    </ClCompile>
    <ClCompile Include="..\..\src\global_assets\game_config.cpp">
      <Filter>Source Files\global_assets</Filter>
    </ClCompile>
    <ClCompile Include="..\..\src\global_assets\game_designations.cpp">
      <Filter>Source Files\global_assets</Filter>
    </ClCompile>
    <ClCompile Include="..\..\src\global_assets\game_logger.cpp">
      <Filter>Source Files\global_assets</Filter>
    </ClCompile>
    <ClCompile Include="..\..\src\global_assets\game_mode.cpp">
      <Filter>Source Files\global_assets</Filter>
    </ClCompile>
    <ClCompile Include="..\..\src\global_assets\game_pause.cpp">
      <Filter>Source Files\global_assets</Filter>
    </ClCompile>
    <ClCompile Include="..\..\src\global_assets\game_planet.cpp">
      <Filter>Source Files\global_assets</Filter>
    </ClCompile>
    <ClCompile Include="..\..\src\global_assets\rng.cpp">
      <Filter>Source Files\global_assets</Filter>
    </ClCompile>
    <ClCompile Include="..\..\src\global_assets\shader_storage.cpp">
      <Filter>Source Files\global_assets</Filter>
    </ClCompile>
    <ClCompile Include="..\..\src\global_assets\spatial_db.cpp">
      <Filter>Source Files\global_assets</Filter>
    </ClCompile>
    <ClCompile Include="..\..\src\global_assets\texture_storage.cpp">
      <Filter>Source Files\global_assets</Filter>
    </ClCompile>
    <ClCompile Include="..\..\src\systems\gui\units_info_system.cpp">
      <Filter>Source Files\systems\gui</Filter>
    </ClCompile>
    <ClCompile Include="..\..\src\systems\ai\ai_status_effects.cpp">
      <Filter>Source Files\systems\ai</Filter>
    </ClCompile>
    <ClCompile Include="..\..\src\systems\ai\ai_stuck.cpp">
      <Filter>Source Files\systems\ai</Filter>
    </ClCompile>
    <ClCompile Include="..\..\src\systems\physics\movement_system.cpp">
      <Filter>Source Files\systems\physics</Filter>
    </ClCompile>
    <ClCompile Include="..\..\src\systems\overworld\world_system.cpp">
      <Filter>Source Files\systems\world</Filter>
    </ClCompile>
    <ClCompile Include="..\..\src\systems\overworld\settler_spawner_system.cpp">
      <Filter>Source Files\systems\world</Filter>
    </ClCompile>
    <ClCompile Include="..\..\src\systems\physics\gravity_system.cpp">
      <Filter>Source Files\systems\physics</Filter>
    </ClCompile>
    <ClCompile Include="..\..\src\systems\physics\explosive_system.cpp">
      <Filter>Source Files\systems\physics</Filter>
    </ClCompile>
    <ClCompile Include="..\..\src\systems\physics\door_system.cpp">
      <Filter>Source Files\systems\physics</Filter>
    </ClCompile>
    <ClCompile Include="..\..\src\systems\ai\distance_map_system.cpp">
      <Filter>Source Files\systems\ai</Filter>
    </ClCompile>
    <ClCompile Include="..\..\src\systems\helpers\inventory_assistant.cpp">
      <Filter>Source Files\systems\helpers</Filter>
    </ClCompile>
    <ClCompile Include="..\..\src\global_assets\game_building.cpp">
      <Filter>Source Files\global_assets</Filter>
    </ClCompile>
    <ClCompile Include="..\..\src\systems\ai\wildlife_population.cpp">
      <Filter>Source Files\systems\ai</Filter>
    </ClCompile>
    <ClCompile Include="..\..\src\systems\ai\sentient_ai_system.cpp">
      <Filter>Source Files\systems\ai</Filter>
    </ClCompile>
    <ClCompile Include="..\..\src\systems\scheduler\corpse_system.cpp">
      <Filter>Source Files\systems\scheduler</Filter>
    </ClCompile>
    <ClCompile Include="..\..\src\systems\ai\mining_system.cpp">
      <Filter>Source Files\systems\ai</Filter>
    </ClCompile>
    <ClCompile Include="..\..\src\systems\ai\inventory_system.cpp">
      <Filter>Source Files\systems\ai</Filter>
    </ClCompile>
    <ClCompile Include="..\..\src\systems\ai\stockpile_system.cpp">
      <Filter>Source Files\systems\ai</Filter>
    </ClCompile>
    <ClCompile Include="..\..\src\systems\ai\workflow_system.cpp">
      <Filter>Source Files\systems\ai</Filter>
    </ClCompile>
    <ClCompile Include="..\..\src\systems\helpers\workflow_assistant.cpp">
      <Filter>Source Files\systems\helpers</Filter>
    </ClCompile>
    <ClCompile Include="..\..\src\systems\ai\settler\ai_visibility_scan.cpp">
      <Filter>Source Files\systems\ai\settler</Filter>
    </ClCompile>
    <ClCompile Include="..\..\src\systems\helpers\weapons_helper.cpp">
      <Filter>Source Files\systems\helpers</Filter>
    </ClCompile>
    <ClCompile Include="..\..\src\systems\ai\settler\ai_new_arrival.cpp">
      <Filter>Source Files\systems\ai\settler</Filter>
    </ClCompile>
    <ClCompile Include="..\..\src\systems\ai\settler\ai_scheduler.cpp">
      <Filter>Source Files\systems\ai\settler</Filter>
    </ClCompile>
    <ClCompile Include="..\..\src\systems\ai\settler\jobs_board.cpp">
      <Filter>Source Files\systems\ai\settler</Filter>
    </ClCompile>
    <ClCompile Include="..\..\src\systems\ai\settler\ai_leisure_time.cpp">
      <Filter>Source Files\systems\ai\settler</Filter>
    </ClCompile>
    <ClCompile Include="..\..\src\systems\ai\settler\ai_sleep_time.cpp">
      <Filter>Source Files\systems\ai\settler</Filter>
    </ClCompile>
    <ClCompile Include="..\..\src\systems\helpers\dijkstra_map.cpp">
      <Filter>Source Files\systems\helpers</Filter>
    </ClCompile>
    <ClCompile Include="..\..\src\systems\ai\settler\ai_work_time.cpp">
      <Filter>Source Files\systems\ai\settler</Filter>
    </ClCompile>
    <ClCompile Include="..\..\src\systems\ai\settler\ai_work_lumberjack.cpp">
      <Filter>Source Files\systems\ai\settler</Filter>
    </ClCompile>
    <ClCompile Include="..\..\src\systems\helpers\pathfinding.cpp">
      <Filter>Source Files\systems\helpers</Filter>
    </ClCompile>
    <ClCompile Include="..\..\src\systems\ai\settler\ai_work_mining.cpp">
      <Filter>Source Files\systems\ai\settler</Filter>
    </ClCompile>
    <ClCompile Include="..\..\src\systems\ai\settler\ai_work_guard.cpp">
      <Filter>Source Files\systems\ai\settler</Filter>
    </ClCompile>
    <ClCompile Include="..\..\src\systems\ai\settler\ai_work_harvest.cpp">
      <Filter>Source Files\systems\ai\settler</Filter>
    </ClCompile>
    <ClCompile Include="..\..\src\systems\ai\settler\ai_work_lever_pull.cpp">
      <Filter>Source Files\systems\ai\settler</Filter>
    </ClCompile>
    <ClCompile Include="..\..\src\systems\ai\settler\ai_work_building.cpp">
      <Filter>Source Files\systems\ai\settler</Filter>
    </ClCompile>
    <ClCompile Include="..\..\src\systems\ai\settler\ai_work_order.cpp">
      <Filter>Source Files\systems\ai\settler</Filter>
    </ClCompile>
    <ClCompile Include="..\..\src\systems\ai\settler\ai_work_architect.cpp">
      <Filter>Source Files\systems\ai\settler</Filter>
    </ClCompile>
    <ClCompile Include="..\..\src\systems\ai\settler\ai_work_hunt.cpp">
      <Filter>Source Files\systems\ai\settler</Filter>
    </ClCompile>
    <ClCompile Include="..\..\src\systems\ai\settler\ai_work_butcher.cpp">
      <Filter>Source Files\systems\ai\settler</Filter>
    </ClCompile>
    <ClCompile Include="..\..\src\systems\physics\trigger_system.cpp">
      <Filter>Source Files\systems\physics</Filter>
    </ClCompile>
    <ClCompile Include="..\..\src\systems\damage\settler_ranged_attack_system.cpp">
      <Filter>Source Files\systems\damage</Filter>
    </ClCompile>
    <ClCompile Include="..\..\src\systems\damage\settler_melee_attacks_system.cpp">
      <Filter>Source Files\systems\damage</Filter>
    </ClCompile>
    <ClCompile Include="..\..\src\systems\damage\sentient_attacks_system.cpp">
      <Filter>Source Files\systems\damage</Filter>
    </ClCompile>
    <ClCompile Include="..\..\src\systems\damage\creature_attacks_system.cpp">
      <Filter>Source Files\systems\damage</Filter>
    </ClCompile>
    <ClCompile Include="..\..\src\systems\damage\turret_ranged_attack_system.cpp">
      <Filter>Source Files\systems\damage</Filter>
    </ClCompile>
    <ClCompile Include="..\..\src\systems\damage\damage_system.cpp">
      <Filter>Source Files\systems\damage</Filter>
    </ClCompile>
    <ClCompile Include="..\..\src\systems\damage\kill_system.cpp">
      <Filter>Source Files\systems\damage</Filter>
    </ClCompile>
    <ClCompile Include="..\..\src\systems\damage\healing_system.cpp">
      <Filter>Source Files\systems\damage</Filter>
    </ClCompile>
    <ClCompile Include="..\..\src\systems\physics\topology_system.cpp">
      <Filter>Source Files\systems\physics</Filter>
    </ClCompile>
    <ClCompile Include="..\..\src\systems\physics\visibility_system.cpp">
      <Filter>Source Files\systems\physics</Filter>
    </ClCompile>
    <ClCompile Include="..\..\src\systems\physics\vegetation_system.cpp">
      <Filter>Source Files\systems\physics</Filter>
    </ClCompile>
    <ClCompile Include="..\..\src\systems\gui\design_lumberjack.cpp">
      <Filter>Source Files\systems\gui</Filter>
    </ClCompile>
    <ClCompile Include="..\..\src\systems\gui\design_mode.cpp">
      <Filter>Source Files\systems\gui</Filter>
    </ClCompile>
    <ClCompile Include="..\..\src\systems\gui\particle_system.cpp">
      <Filter>Source Files\systems\gui</Filter>
    </ClCompile>
    <ClCompile Include="..\..\src\systems\gui\design_buildings.cpp">
      <Filter>Source Files\systems\gui</Filter>
    </ClCompile>
    <ClCompile Include="..\..\src\systems\gui\design_guardpoints.cpp">
      <Filter>Source Files\systems\gui</Filter>
    </ClCompile>
    <ClCompile Include="..\..\src\systems\gui\design_harvest.cpp">
      <Filter>Source Files\systems\gui</Filter>
    </ClCompile>
    <ClCompile Include="..\..\src\systems\gui\design_architecture.cpp">
      <Filter>Source Files\systems\gui</Filter>
    </ClCompile>
    <ClCompile Include="..\..\src\systems\gui\design_mining.cpp">
      <Filter>Source Files\systems\gui</Filter>
    </ClCompile>
    <ClCompile Include="..\..\src\systems\gui\design_stockpiles.cpp">
      <Filter>Source Files\systems\gui</Filter>
    </ClCompile>
    <ClCompile Include="..\..\src\systems\gui\workflow_ui_system.cpp">
      <Filter>Source Files\systems\gui</Filter>
    </ClCompile>
    <ClCompile Include="..\..\src\main_loops\first_run_screen.cpp">
      <Filter>Source Files\main_loops</Filter>
    </ClCompile>
    <ClCompile Include="..\..\src\systems\ai\settler\ai_idle_time.cpp">
      <Filter>Source Files\systems\ai\settler</Filter>
    </ClCompile>
    <ClCompile Include="..\..\src\components\items\item.cpp">
      <Filter>Source Files\components\items</Filter>
    </ClCompile>
    <ClCompile Include="..\..\src\systems\physics\item_wear_system.cpp">
      <Filter>Source Files\systems\physics</Filter>
    </ClCompile>
    <ClCompile Include="..\..\src\systems\gui\item_info_system.cpp">
      <Filter>Source Files\systems\gui</Filter>
    </ClCompile>
    <ClCompile Include="..\..\src\global_assets\game_mining.cpp">
      <Filter>Source Files\global_assets</Filter>
    </ClCompile>
    <ClCompile Include="..\..\src\systems\gui\job_center_ui.cpp">
      <Filter>Source Files\systems\gui</Filter>
    </ClCompile>
    <ClCompile Include="..\..\src\systems\gui\wish_mode.cpp">
      <Filter>Source Files\systems\gui</Filter>
    </ClCompile>
    <ClCompile Include="..\..\src\global_assets\farming_designations.cpp">
      <Filter>Source Files\global_assets</Filter>
    </ClCompile>
    <ClCompile Include="..\..\src\systems\ai\settler\ai_work_farm_clear.cpp">
      <Filter>Source Files\systems\ai\settler</Filter>
    </ClCompile>
    <ClCompile Include="..\..\src\systems\ai\settler\ai_work_farm_fertilize.cpp">
      <Filter>Source Files\systems\ai\settler</Filter>
    </ClCompile>
    <ClCompile Include="..\..\src\systems\ai\settler\ai_work_farm_fixsoil.cpp">
      <Filter>Source Files\systems\ai\settler</Filter>
    </ClCompile>
    <ClCompile Include="..\..\src\systems\ai\settler\ai_work_farm_plant.cpp">
      <Filter>Source Files\systems\ai\settler</Filter>
    </ClCompile>
    <ClCompile Include="..\..\src\systems\ai\settler\ai_work_farm_water.cpp">
      <Filter>Source Files\systems\ai\settler</Filter>
    </ClCompile>
    <ClCompile Include="..\..\src\systems\ai\settler\ai_work_farm_weed.cpp">
      <Filter>Source Files\systems\ai\settler</Filter>
    </ClCompile>
    <ClCompile Include="..\..\src\global_assets\debug_flags.cpp">
      <Filter>Source Files\global_assets</Filter>
    </ClCompile>
    <ClCompile Include="..\..\src\global_assets\building_designations.cpp">
      <Filter>Source Files\global_assets</Filter>
    </ClCompile>
    <ClCompile Include="..\..\src\systems\ai\architecture_system.cpp">
      <Filter>Source Files\systems\ai</Filter>
    </ClCompile>
    <ClCompile Include="..\..\src\global_assets\architecture_designations.cpp">
      <Filter>Source Files\global_assets</Filter>
    </ClCompile>
    <ClCompile Include="..\..\src\utils\system_log.cpp">
      <Filter>Source Files\utils</Filter>
    </ClCompile>
    <ClCompile Include="..\..\src\global_assets\game_ecs.cpp">
      <Filter>Source Files\global_assets</Filter>
    </ClCompile>
    <ClCompile Include="..\..\src\systems\ai\settler\ai_work_stockpile.cpp">
      <Filter>Source Files\systems\ai\settler</Filter>
    </ClCompile>
    <ClCompile Include="..\..\src\systems\ai\settler\ai_deconstruct.cpp">
      <Filter>Source Files\systems\ai\settler</Filter>
    </ClCompile>
    <ClCompile Include="..\..\src\systems\gui\building_info.cpp">
      <Filter>Source Files\systems\gui</Filter>
    </ClCompile>
    <ClCompile Include="..\..\src\stdafx.cpp">
      <Filter>Source Files</Filter>
    </ClCompile>
    <ClCompile Include="..\..\src\systems\gui\circuit_graph.cpp">
      <Filter>Source Files\systems\gui</Filter>
    </ClCompile>
    <ClCompile Include="..\..\src\systems\scheduler\hunger_system.cpp">
      <Filter>Source Files\systems\scheduler</Filter>
    </ClCompile>
    <ClCompile Include="..\..\src\systems\ai\settler\ai_leisure_eat.cpp">
      <Filter>Source Files\systems\ai\settler</Filter>
    </ClCompile>
    <ClCompile Include="..\..\src\systems\ai\settler\ai_leisure_drink.cpp">
      <Filter>Source Files\systems\ai\settler</Filter>
    </ClCompile>
  </ItemGroup>
  <ItemGroup>
    <ClInclude Include="..\..\src\components\calendar.hpp">
      <Filter>Header Files\components</Filter>
    </ClInclude>
    <ClInclude Include="..\..\src\components\camera_options.hpp">
      <Filter>Header Files\components</Filter>
    </ClInclude>
    <ClInclude Include="..\..\src\components\claimed_t.hpp">
      <Filter>Header Files\components</Filter>
    </ClInclude>
    <ClInclude Include="..\..\src\components\corpse_harvestable.hpp">
      <Filter>Header Files\components</Filter>
    </ClInclude>
    <ClInclude Include="..\..\src\components\corpse_settler.hpp">
      <Filter>Header Files\components</Filter>
    </ClInclude>
    <ClInclude Include="..\..\src\components\designations.hpp">
      <Filter>Header Files\components</Filter>
    </ClInclude>
    <ClInclude Include="..\..\src\components\explosion_t.hpp">
      <Filter>Header Files\components</Filter>
    </ClInclude>
    <ClInclude Include="..\..\src\components\falling.hpp">
      <Filter>Header Files\components</Filter>
    </ClInclude>
    <ClInclude Include="..\..\src\components\game_stats.hpp">
      <Filter>Header Files\components</Filter>
    </ClInclude>
    <ClInclude Include="..\..\src\components\grazer_ai.hpp">
      <Filter>Header Files\components</Filter>
    </ClInclude>
    <ClInclude Include="..\..\src\components\health.hpp">
      <Filter>Header Files\components</Filter>
    </ClInclude>
    <ClInclude Include="..\..\src\components\initiative.hpp">
      <Filter>Header Files\components</Filter>
    </ClInclude>
    <ClInclude Include="..\..\src\components\lightsource.hpp">
      <Filter>Header Files\components</Filter>
    </ClInclude>
    <ClInclude Include="..\..\src\components\logger.hpp">
      <Filter>Header Files\components</Filter>
    </ClInclude>
    <ClInclude Include="..\..\src\components\name.hpp">
      <Filter>Header Files\components</Filter>
    </ClInclude>
    <ClInclude Include="..\..\src\components\natural_attacks_t.hpp">
      <Filter>Header Files\components</Filter>
    </ClInclude>
    <ClInclude Include="..\..\src\components\position.hpp">
      <Filter>Header Files\components</Filter>
    </ClInclude>
    <ClInclude Include="..\..\src\components\renderable.hpp">
      <Filter>Header Files\components</Filter>
    </ClInclude>
    <ClInclude Include="..\..\src\components\renderable_composite.hpp">
      <Filter>Header Files\components</Filter>
    </ClInclude>
    <ClInclude Include="..\..\src\components\riding_t.hpp">
      <Filter>Header Files\components</Filter>
    </ClInclude>
    <ClInclude Include="..\..\src\components\sentient_ai.hpp">
      <Filter>Header Files\components</Filter>
    </ClInclude>
    <ClInclude Include="..\..\src\components\settler_ai.hpp">
      <Filter>Header Files\components</Filter>
    </ClInclude>
    <ClInclude Include="..\..\src\components\sleep_clock_t.hpp">
      <Filter>Header Files\components</Filter>
    </ClInclude>
    <ClInclude Include="..\..\src\components\slidemove.hpp">
      <Filter>Header Files\components</Filter>
    </ClInclude>
    <ClInclude Include="..\..\src\components\species.hpp">
      <Filter>Header Files\components</Filter>
    </ClInclude>
    <ClInclude Include="..\..\src\components\stockpile.hpp">
      <Filter>Header Files\components</Filter>
    </ClInclude>
    <ClInclude Include="..\..\src\components\viewshed.hpp">
      <Filter>Header Files\components</Filter>
    </ClInclude>
    <ClInclude Include="..\..\src\components\water_spawner.hpp">
      <Filter>Header Files\components</Filter>
    </ClInclude>
    <ClInclude Include="..\..\src\components\wildlife_group.hpp">
      <Filter>Header Files\components</Filter>
    </ClInclude>
    <ClInclude Include="..\..\src\components\world_position.hpp">
      <Filter>Header Files\components</Filter>
    </ClInclude>
    <ClInclude Include="..\..\src\components\ai_tags\ai_mode_idle.hpp">
      <Filter>Header Files\components\ai_tags</Filter>
    </ClInclude>
    <ClInclude Include="..\..\src\components\ai_tags\ai_settler_new_arrival.hpp">
      <Filter>Header Files\components\ai_tags</Filter>
    </ClInclude>
    <ClInclude Include="..\..\src\components\ai_tags\ai_tag_leisure_shift.hpp">
      <Filter>Header Files\components\ai_tags</Filter>
    </ClInclude>
    <ClInclude Include="..\..\src\components\ai_tags\ai_tag_my_turn.hpp">
      <Filter>Header Files\components\ai_tags</Filter>
    </ClInclude>
    <ClInclude Include="..\..\src\components\ai_tags\ai_tag_sleep_shift.hpp">
      <Filter>Header Files\components\ai_tags</Filter>
    </ClInclude>
    <ClInclude Include="..\..\src\components\ai_tags\ai_tag_work_architect.hpp">
      <Filter>Header Files\components\ai_tags</Filter>
    </ClInclude>
    <ClInclude Include="..\..\src\components\ai_tags\ai_tag_work_building.hpp">
      <Filter>Header Files\components\ai_tags</Filter>
    </ClInclude>
    <ClInclude Include="..\..\src\components\ai_tags\ai_tag_work_butcher.hpp">
      <Filter>Header Files\components\ai_tags</Filter>
    </ClInclude>
    <ClInclude Include="..\..\src\components\ai_tags\ai_tag_work_guarding.hpp">
      <Filter>Header Files\components\ai_tags</Filter>
    </ClInclude>
    <ClInclude Include="..\..\src\components\ai_tags\ai_tag_work_harvest.hpp">
      <Filter>Header Files\components\ai_tags</Filter>
    </ClInclude>
    <ClInclude Include="..\..\src\components\ai_tags\ai_tag_work_hunting.hpp">
      <Filter>Header Files\components\ai_tags</Filter>
    </ClInclude>
    <ClInclude Include="..\..\src\components\ai_tags\ai_tag_work_lumberjack.hpp">
      <Filter>Header Files\components\ai_tags</Filter>
    </ClInclude>
    <ClInclude Include="..\..\src\components\ai_tags\ai_tag_work_mining.hpp">
      <Filter>Header Files\components\ai_tags</Filter>
    </ClInclude>
    <ClInclude Include="..\..\src\components\ai_tags\ai_tag_work_order.hpp">
      <Filter>Header Files\components\ai_tags</Filter>
    </ClInclude>
    <ClInclude Include="..\..\src\components\ai_tags\ai_tag_work_pull_lever.hpp">
      <Filter>Header Files\components\ai_tags</Filter>
    </ClInclude>
    <ClInclude Include="..\..\src\components\ai_tags\ai_tag_work_shift.hpp">
      <Filter>Header Files\components\ai_tags</Filter>
    </ClInclude>
    <ClInclude Include="..\..\src\components\helpers\building_designation_t.hpp">
      <Filter>Header Files\components\helpers</Filter>
    </ClInclude>
    <ClInclude Include="..\..\src\components\helpers\health_part_t.hpp">
      <Filter>Header Files\components\helpers</Filter>
    </ClInclude>
    <ClInclude Include="..\..\src\components\helpers\reaction_task_t.hpp">
      <Filter>Header Files\components\helpers</Filter>
    </ClInclude>
    <ClInclude Include="..\..\src\components\helpers\shift.hpp">
      <Filter>Header Files\components\helpers</Filter>
    </ClInclude>
    <ClInclude Include="..\..\src\components\helpers\skill_t.hpp">
      <Filter>Header Files\components\helpers</Filter>
    </ClInclude>
    <ClInclude Include="..\..\src\components\helpers\standing_orders.hpp">
      <Filter>Header Files\components\helpers</Filter>
    </ClInclude>
    <ClInclude Include="..\..\src\components\helpers\unbuild_t.hpp">
      <Filter>Header Files\components\helpers</Filter>
    </ClInclude>
    <ClInclude Include="..\..\src\main_loops\main_menu.hpp">
      <Filter>Header Files\main_loops</Filter>
    </ClInclude>
    <ClInclude Include="..\..\src\main_loops\play_game.hpp">
      <Filter>Header Files\main_loops</Filter>
    </ClInclude>
    <ClInclude Include="..\..\src\main_loops\splash_screen.hpp">
      <Filter>Header Files\main_loops</Filter>
    </ClInclude>
    <ClInclude Include="..\..\src\main_loops\worldgen.hpp">
      <Filter>Header Files\main_loops</Filter>
    </ClInclude>
    <ClInclude Include="..\..\src\systems\keydamper.hpp">
      <Filter>Header Files\systems</Filter>
    </ClInclude>
    <ClInclude Include="..\..\src\systems\mouse.hpp">
      <Filter>Header Files\systems</Filter>
    </ClInclude>
    <ClInclude Include="..\..\src\systems\run_systems.hpp">
      <Filter>Header Files\systems</Filter>
    </ClInclude>
    <ClInclude Include="..\..\src\systems\gui\civ_ui_system.hpp">
      <Filter>Header Files\systems\gui</Filter>
    </ClInclude>
    <ClInclude Include="..\..\src\systems\gui\hud_system.hpp">
      <Filter>Header Files\systems\gui</Filter>
    </ClInclude>
    <ClInclude Include="..\..\src\systems\gui\log_system.hpp">
      <Filter>Header Files\systems\gui</Filter>
    </ClInclude>
    <ClInclude Include="..\..\src\systems\gui\tooltip_system.hpp">
      <Filter>Header Files\systems\gui</Filter>
    </ClInclude>
    <ClInclude Include="..\..\src\systems\io\camera_system.hpp">
      <Filter>Header Files\systems\io</Filter>
    </ClInclude>
    <ClInclude Include="..\..\src\systems\physics\fluid_system.hpp">
      <Filter>Header Files\systems\physics</Filter>
    </ClInclude>
    <ClInclude Include="..\..\src\systems\power\power_system.hpp">
      <Filter>Header Files\systems\power</Filter>
    </ClInclude>
    <ClInclude Include="..\..\src\systems\scheduler\calendar_system.hpp">
      <Filter>Header Files\systems\scheduler</Filter>
    </ClInclude>
    <ClInclude Include="..\..\src\systems\scheduler\initiative_system.hpp">
      <Filter>Header Files\systems\scheduler</Filter>
    </ClInclude>
    <ClInclude Include="..\..\src\systems\scheduler\tick_system.hpp">
      <Filter>Header Files\systems\scheduler</Filter>
    </ClInclude>
    <ClInclude Include="..\..\src\systems\gui\settler_info_system.hpp">
      <Filter>Header Files\systems\gui</Filter>
    </ClInclude>
    <ClInclude Include="..\..\src\global_assets\texture_storage.hpp">
      <Filter>Header Files\global_assets</Filter>
    </ClInclude>
    <ClInclude Include="..\..\src\global_assets\constants.hpp">
      <Filter>Header Files\global_assets</Filter>
    </ClInclude>
    <ClInclude Include="..\..\src\global_assets\game_calendar.hpp">
      <Filter>Header Files\global_assets</Filter>
    </ClInclude>
    <ClInclude Include="..\..\src\global_assets\game_camera.hpp">
      <Filter>Header Files\global_assets</Filter>
    </ClInclude>
    <ClInclude Include="..\..\src\global_assets\game_config.hpp">
      <Filter>Header Files\global_assets</Filter>
    </ClInclude>
    <ClInclude Include="..\..\src\global_assets\game_designations.hpp">
      <Filter>Header Files\global_assets</Filter>
    </ClInclude>
    <ClInclude Include="..\..\src\global_assets\game_logger.hpp">
      <Filter>Header Files\global_assets</Filter>
    </ClInclude>
    <ClInclude Include="..\..\src\global_assets\game_mode.hpp">
      <Filter>Header Files\global_assets</Filter>
    </ClInclude>
    <ClInclude Include="..\..\src\global_assets\game_pause.hpp">
      <Filter>Header Files\global_assets</Filter>
    </ClInclude>
    <ClInclude Include="..\..\src\global_assets\game_planet.hpp">
      <Filter>Header Files\global_assets</Filter>
    </ClInclude>
    <ClInclude Include="..\..\src\global_assets\rng.hpp">
      <Filter>Header Files\global_assets</Filter>
    </ClInclude>
    <ClInclude Include="..\..\src\global_assets\shader_storage.hpp">
      <Filter>Header Files\global_assets</Filter>
    </ClInclude>
    <ClInclude Include="..\..\src\global_assets\spatial_db.hpp">
      <Filter>Header Files\global_assets</Filter>
    </ClInclude>
    <ClInclude Include="..\..\src\systems\gui\units_info_system.hpp">
      <Filter>Header Files\systems\gui</Filter>
    </ClInclude>
    <ClInclude Include="..\..\src\systems\ai\ai_status_effects.hpp">
      <Filter>Header Files\systems\ai</Filter>
    </ClInclude>
    <ClInclude Include="..\..\src\systems\ai\ai_stuck.hpp">
      <Filter>Header Files\systems\ai</Filter>
    </ClInclude>
    <ClInclude Include="..\..\src\systems\physics\movement_system.hpp">
      <Filter>Header Files\systems\physics</Filter>
    </ClInclude>
    <ClInclude Include="..\..\src\utils\thread_safe_message_queue.hpp">
      <Filter>Header Files\utils</Filter>
    </ClInclude>
    <ClInclude Include="..\..\src\systems\overworld\world_system.hpp">
      <Filter>Header Files\systems\world</Filter>
    </ClInclude>
    <ClInclude Include="..\..\src\systems\overworld\settler_spawner_system.hpp">
      <Filter>Header Files\systems\world</Filter>
    </ClInclude>
    <ClInclude Include="..\..\src\systems\physics\gravity_system.hpp">
      <Filter>Header Files\systems\physics</Filter>
    </ClInclude>
    <ClInclude Include="..\..\src\systems\physics\explosive_system.hpp">
      <Filter>Header Files\systems\physics</Filter>
    </ClInclude>
    <ClInclude Include="..\..\src\systems\physics\door_system.hpp">
      <Filter>Header Files\systems\physics</Filter>
    </ClInclude>
    <ClInclude Include="..\..\src\systems\ai\distance_map_system.hpp">
      <Filter>Header Files\systems\ai</Filter>
    </ClInclude>
    <ClInclude Include="..\..\src\systems\helpers\inventory_assistant.hpp">
      <Filter>Header Files\systems\helpers</Filter>
    </ClInclude>
    <ClInclude Include="..\..\src\global_assets\game_building.hpp">
      <Filter>Header Files\global_assets</Filter>
    </ClInclude>
    <ClInclude Include="..\..\src\systems\ai\wildlife_population.hpp">
      <Filter>Header Files\systems\ai</Filter>
    </ClInclude>
    <ClInclude Include="..\..\src\systems\ai\sentient_ai_system.hpp">
      <Filter>Header Files\systems\ai</Filter>
    </ClInclude>
    <ClInclude Include="..\..\src\systems\scheduler\corpse_system.hpp">
      <Filter>Header Files\systems\scheduler</Filter>
    </ClInclude>
    <ClInclude Include="..\..\src\systems\ai\mining_system.hpp">
      <Filter>Header Files\systems\ai</Filter>
    </ClInclude>
    <ClInclude Include="..\..\src\systems\ai\inventory_system.hpp">
      <Filter>Header Files\systems\ai</Filter>
    </ClInclude>
    <ClInclude Include="..\..\src\systems\ai\stockpile_system.hpp">
      <Filter>Header Files\systems\ai</Filter>
    </ClInclude>
    <ClInclude Include="..\..\src\systems\ai\workflow_system.hpp">
      <Filter>Header Files\systems\ai</Filter>
    </ClInclude>
    <ClInclude Include="..\..\src\systems\helpers\workflow_assistant.hpp">
      <Filter>Header Files\systems\helpers</Filter>
    </ClInclude>
    <ClInclude Include="..\..\src\systems\ai\settler\ai_visibility_scan.hpp">
      <Filter>Header Files\systems\ai\settler</Filter>
    </ClInclude>
    <ClInclude Include="..\..\src\systems\helpers\weapons_helper.hpp">
      <Filter>Header Files\systems\helpers</Filter>
    </ClInclude>
    <ClInclude Include="..\..\src\systems\ai\settler\ai_new_arrival.hpp">
      <Filter>Header Files\systems\ai\settler</Filter>
    </ClInclude>
    <ClInclude Include="..\..\src\systems\ai\settler\ai_scheduler.hpp">
      <Filter>Header Files\systems\ai\settler</Filter>
    </ClInclude>
    <ClInclude Include="..\..\src\systems\ai\settler\jobs_board.hpp">
      <Filter>Header Files\systems\ai\settler</Filter>
    </ClInclude>
    <ClInclude Include="..\..\src\systems\ai\settler\ai_leisure_time.hpp">
      <Filter>Header Files\systems\ai\settler</Filter>
    </ClInclude>
    <ClInclude Include="..\..\src\systems\ai\settler\ai_sleep_time.hpp">
      <Filter>Header Files\systems\ai\settler</Filter>
    </ClInclude>
    <ClInclude Include="..\..\src\systems\helpers\dijkstra_map.hpp">
      <Filter>Header Files\systems\helpers</Filter>
    </ClInclude>
    <ClInclude Include="..\..\src\systems\ai\settler\ai_work_time.hpp">
      <Filter>Header Files\systems\ai\settler</Filter>
    </ClInclude>
    <ClInclude Include="..\..\src\systems\ai\settler\ai_work_lumberjack.hpp">
      <Filter>Header Files\systems\ai\settler</Filter>
    </ClInclude>
    <ClInclude Include="..\..\src\systems\ai\settler\ai_work_template.hpp">
      <Filter>Header Files\systems\ai\settler</Filter>
    </ClInclude>
    <ClInclude Include="..\..\src\systems\helpers\pathfinding.hpp">
      <Filter>Header Files\systems\helpers</Filter>
    </ClInclude>
    <ClInclude Include="..\..\src\systems\ai\settler\ai_work_mining.hpp">
      <Filter>Header Files\systems\ai\settler</Filter>
    </ClInclude>
    <ClInclude Include="..\..\src\systems\ai\settler\ai_work_guard.hpp">
      <Filter>Header Files\systems\ai\settler</Filter>
    </ClInclude>
    <ClInclude Include="..\..\src\systems\ai\settler\ai_work_harvest.hpp">
      <Filter>Header Files\systems\ai\settler</Filter>
    </ClInclude>
    <ClInclude Include="..\..\src\systems\ai\settler\ai_work_lever_pull.hpp">
      <Filter>Header Files\systems\ai\settler</Filter>
    </ClInclude>
    <ClInclude Include="..\..\src\systems\ai\settler\ai_work_building.hpp">
      <Filter>Header Files\systems\ai\settler</Filter>
    </ClInclude>
    <ClInclude Include="..\..\src\systems\ai\settler\ai_work_order.hpp">
      <Filter>Header Files\systems\ai\settler</Filter>
    </ClInclude>
    <ClInclude Include="..\..\src\systems\ai\settler\ai_work_architect.hpp">
      <Filter>Header Files\systems\ai\settler</Filter>
    </ClInclude>
    <ClInclude Include="..\..\src\systems\ai\settler\ai_work_hunt.hpp">
      <Filter>Header Files\systems\ai\settler</Filter>
    </ClInclude>
    <ClInclude Include="..\..\src\systems\ai\settler\ai_work_butcher.hpp">
      <Filter>Header Files\systems\ai\settler</Filter>
    </ClInclude>
    <ClInclude Include="..\..\src\systems\physics\trigger_system.hpp">
      <Filter>Header Files\systems\physics</Filter>
    </ClInclude>
    <ClInclude Include="..\..\src\systems\damage\settler_ranged_attack_system.hpp">
      <Filter>Header Files\systems\damage</Filter>
    </ClInclude>
    <ClInclude Include="..\..\src\systems\damage\settler_melee_attacks_system.hpp">
      <Filter>Header Files\systems\damage</Filter>
    </ClInclude>
    <ClInclude Include="..\..\src\systems\damage\sentient_attacks_system.hpp">
      <Filter>Header Files\systems\damage</Filter>
    </ClInclude>
    <ClInclude Include="..\..\src\systems\damage\creature_attacks_system.hpp">
      <Filter>Header Files\systems\damage</Filter>
    </ClInclude>
    <ClInclude Include="..\..\src\systems\damage\turret_ranged_attack_system.hpp">
      <Filter>Header Files\systems\damage</Filter>
    </ClInclude>
    <ClInclude Include="..\..\src\systems\damage\damage_system.hpp">
      <Filter>Header Files\systems\damage</Filter>
    </ClInclude>
    <ClInclude Include="..\..\src\systems\damage\kill_system.hpp">
      <Filter>Header Files\systems\damage</Filter>
    </ClInclude>
    <ClInclude Include="..\..\src\systems\damage\healing_system.hpp">
      <Filter>Header Files\systems\damage</Filter>
    </ClInclude>
    <ClInclude Include="..\..\src\systems\physics\topology_system.hpp">
      <Filter>Header Files\systems\physics</Filter>
    </ClInclude>
    <ClInclude Include="..\..\src\systems\physics\visibility_system.hpp">
      <Filter>Header Files\systems\physics</Filter>
    </ClInclude>
    <ClInclude Include="..\..\src\systems\physics\vegetation_system.hpp">
      <Filter>Header Files\systems\physics</Filter>
    </ClInclude>
    <ClInclude Include="..\..\src\systems\gui\design_lumberjack.hpp">
      <Filter>Header Files\systems\gui</Filter>
    </ClInclude>
    <ClInclude Include="..\..\src\systems\gui\design_mode.hpp">
      <Filter>Header Files\systems\gui</Filter>
    </ClInclude>
    <ClInclude Include="..\..\src\systems\gui\particle_system.hpp">
      <Filter>Header Files\systems\gui</Filter>
    </ClInclude>
    <ClInclude Include="..\..\src\systems\gui\design_buildings.hpp">
      <Filter>Header Files\systems\gui</Filter>
    </ClInclude>
    <ClInclude Include="..\..\src\systems\gui\design_guardpoints.hpp">
      <Filter>Header Files\systems\gui</Filter>
    </ClInclude>
    <ClInclude Include="..\..\src\systems\gui\design_harvest.hpp">
      <Filter>Header Files\systems\gui</Filter>
    </ClInclude>
    <ClInclude Include="..\..\src\systems\gui\design_architecture.hpp">
      <Filter>Header Files\systems\gui</Filter>
    </ClInclude>
    <ClInclude Include="..\..\src\systems\gui\design_mining.hpp">
      <Filter>Header Files\systems\gui</Filter>
    </ClInclude>
    <ClInclude Include="..\..\src\systems\gui\design_stockpiles.hpp">
      <Filter>Header Files\systems\gui</Filter>
    </ClInclude>
    <ClInclude Include="..\..\src\systems\gui\workflow_ui_system.hpp">
      <Filter>Header Files\systems\gui</Filter>
    </ClInclude>
    <ClInclude Include="..\..\src\main_loops\first_run_screen.hpp">
      <Filter>Header Files\main_loops</Filter>
    </ClInclude>
    <ClInclude Include="..\..\src\main_loops\asset_loader.hpp">
      <Filter>Header Files\main_loops</Filter>
    </ClInclude>
    <ClInclude Include="..\..\src\systems\ai\settler\ai_idle_time.hpp">
      <Filter>Header Files\systems\ai\settler</Filter>
    </ClInclude>
    <ClInclude Include="..\..\src\components\item_tags\item_chopping_t.hpp">
      <Filter>Header Files\components\item_tags</Filter>
    </ClInclude>
    <ClInclude Include="..\..\src\components\item_tags\item_ammo_t.hpp">
      <Filter>Header Files\components\item_tags</Filter>
    </ClInclude>
    <ClInclude Include="..\..\src\components\item_tags\item_bone_t.hpp">
      <Filter>Header Files\components\item_tags</Filter>
    </ClInclude>
    <ClInclude Include="..\..\src\components\item_tags\item_digging_t.hpp">
      <Filter>Header Files\components\item_tags</Filter>
    </ClInclude>
    <ClInclude Include="..\..\src\components\item_tags\item_drink_t.hpp">
      <Filter>Header Files\components\item_tags</Filter>
    </ClInclude>
    <ClInclude Include="..\..\src\components\item_tags\item_food_t.hpp">
      <Filter>Header Files\components\item_tags</Filter>
    </ClInclude>
    <ClInclude Include="..\..\src\components\item_tags\item_hide_t.hpp">
      <Filter>Header Files\components\item_tags</Filter>
    </ClInclude>
    <ClInclude Include="..\..\src\components\item_tags\item_leather_t.hpp">
      <Filter>Header Files\components\item_tags</Filter>
    </ClInclude>
    <ClInclude Include="..\..\src\components\item_tags\item_melee_t.hpp">
      <Filter>Header Files\components\item_tags</Filter>
    </ClInclude>
    <ClInclude Include="..\..\src\components\item_tags\item_ranged_t.hpp">
      <Filter>Header Files\components\item_tags</Filter>
    </ClInclude>
    <ClInclude Include="..\..\src\components\item_tags\item_skull_t.hpp">
      <Filter>Header Files\components\item_tags</Filter>
    </ClInclude>
    <ClInclude Include="..\..\src\components\item_tags\item_spice_t.hpp">
      <Filter>Header Files\components\item_tags</Filter>
    </ClInclude>
    <ClInclude Include="..\..\src\components\items\item.hpp">
      <Filter>Header Files\components\items</Filter>
    </ClInclude>
    <ClInclude Include="..\..\src\components\items\item_carried.hpp">
      <Filter>Header Files\components\items</Filter>
    </ClInclude>
    <ClInclude Include="..\..\src\components\items\item_stored.hpp">
      <Filter>Header Files\components\items</Filter>
    </ClInclude>
    <ClInclude Include="..\..\src\components\items\item_quality.hpp">
      <Filter>Header Files\components\items</Filter>
    </ClInclude>
    <ClInclude Include="..\..\src\components\items\item_wear.hpp">
      <Filter>Header Files\components\items</Filter>
    </ClInclude>
    <ClInclude Include="..\..\src\systems\physics\item_wear_system.hpp">
      <Filter>Header Files\systems\physics</Filter>
    </ClInclude>
    <ClInclude Include="..\..\src\systems\gui\item_info_system.hpp">
      <Filter>Header Files\systems\gui</Filter>
    </ClInclude>
    <ClInclude Include="..\..\src\components\items\item_creator.hpp">
      <Filter>Header Files\components\items</Filter>
    </ClInclude>
    <ClInclude Include="..\..\src\components\mining\mining_designations.hpp">
      <Filter>Header Files\components\mining</Filter>
    </ClInclude>
    <ClInclude Include="..\..\src\global_assets\game_mining.hpp">
      <Filter>Header Files\global_assets</Filter>
    </ClInclude>
    <ClInclude Include="..\..\src\systems\gui\mining_template.hpp">
      <Filter>Header Files\systems\gui</Filter>
    </ClInclude>
    <ClInclude Include="..\..\src\components\mining\designated_miner.hpp">
      <Filter>Header Files\components\mining</Filter>
    </ClInclude>
    <ClInclude Include="..\..\src\systems\gui\job_center_ui.hpp">
      <Filter>Header Files\systems\gui</Filter>
    </ClInclude>
    <ClInclude Include="..\..\src\components\designated_lumberjack.hpp">
      <Filter>Header Files\components</Filter>
    </ClInclude>
    <ClInclude Include="..\..\src\systems\gui\wish_mode.hpp">
      <Filter>Header Files\systems\gui</Filter>
    </ClInclude>
    <ClInclude Include="..\..\src\components\farming\designated_farmer.hpp">
      <Filter>Header Files\components\farming</Filter>
    </ClInclude>
    <ClInclude Include="..\..\src\components\item_tags\item_farming.hpp">
      <Filter>Header Files\components\item_tags</Filter>
    </ClInclude>
    <ClInclude Include="..\..\src\global_assets\farming_designations.hpp">
      <Filter>Header Files\global_assets</Filter>
    </ClInclude>
    <ClInclude Include="..\..\src\components\farming\farm_designs.hpp">
      <Filter>Header Files\components\farming</Filter>
    </ClInclude>
    <ClInclude Include="..\..\src\components\item_tags\item_seed_t.hpp">
      <Filter>Header Files\components\item_tags</Filter>
    </ClInclude>
    <ClInclude Include="..\..\src\components\ai_tags\aI_tag_work_farm_clear.hpp">
      <Filter>Header Files\components\ai_tags</Filter>
    </ClInclude>
    <ClInclude Include="..\..\src\components\ai_tags\aI_tag_work_farm_fixsoil.hpp">
      <Filter>Header Files\components\ai_tags</Filter>
    </ClInclude>
    <ClInclude Include="..\..\src\components\ai_tags\aI_tag_work_farm_plant.hpp">
      <Filter>Header Files\components\ai_tags</Filter>
    </ClInclude>
    <ClInclude Include="..\..\src\components\ai_tags\aI_tag_work_farm_fertilize.hpp">
      <Filter>Header Files\components\ai_tags</Filter>
    </ClInclude>
    <ClInclude Include="..\..\src\systems\ai\settler\ai_work_farm_clear.hpp">
      <Filter>Header Files\systems\ai\settler</Filter>
    </ClInclude>
    <ClInclude Include="..\..\src\systems\ai\settler\ai_work_farm_fertilize.hpp">
      <Filter>Header Files\systems\ai\settler</Filter>
    </ClInclude>
    <ClInclude Include="..\..\src\systems\ai\settler\ai_work_farm_fixsoil.hpp">
      <Filter>Header Files\systems\ai\settler</Filter>
    </ClInclude>
    <ClInclude Include="..\..\src\systems\ai\settler\ai_work_farm_plant.hpp">
      <Filter>Header Files\systems\ai\settler</Filter>
    </ClInclude>
    <ClInclude Include="..\..\src\components\ai_tags\ai_tag_work_farm_water.hpp">
      <Filter>Header Files\components\ai_tags</Filter>
    </ClInclude>
    <ClInclude Include="..\..\src\components\ai_tags\ai_tag_work_farm_weed.hpp">
      <Filter>Header Files\components\ai_tags</Filter>
    </ClInclude>
    <ClInclude Include="..\..\src\systems\ai\settler\ai_work_farm_water.hpp">
      <Filter>Header Files\systems\ai\settler</Filter>
    </ClInclude>
    <ClInclude Include="..\..\src\systems\ai\settler\ai_work_farm_weed.hpp">
      <Filter>Header Files\systems\ai\settler</Filter>
    </ClInclude>
    <ClInclude Include="..\..\src\components\item_tags\item_topsoil_t.hpp">
      <Filter>Header Files\components\item_tags</Filter>
    </ClInclude>
    <ClInclude Include="..\..\src\components\item_tags\item_fertilizer_t.hpp">
      <Filter>Header Files\components\item_tags</Filter>
    </ClInclude>
    <ClInclude Include="..\..\src\systems\ai\settler\templated_work_steps_t.hpp">
      <Filter>Header Files\systems\ai\settler</Filter>
    </ClInclude>
    <ClInclude Include="..\..\src\global_assets\debug_flags.hpp">
      <Filter>Header Files\global_assets</Filter>
    </ClInclude>
    <ClInclude Include="..\..\src\components\buildings\building.hpp">
      <Filter>Header Files\components\buildings</Filter>
    </ClInclude>
    <ClInclude Include="..\..\src\components\buildings\bridge.hpp">
      <Filter>Header Files\components\buildings</Filter>
    </ClInclude>
    <ClInclude Include="..\..\src\components\buildings\construct_container.hpp">
      <Filter>Header Files\components\buildings</Filter>
    </ClInclude>
    <ClInclude Include="..\..\src\components\buildings\construct_power.hpp">
      <Filter>Header Files\components\buildings</Filter>
    </ClInclude>
    <ClInclude Include="..\..\src\components\buildings\construct_provides_door.hpp">
      <Filter>Header Files\components\buildings</Filter>
    </ClInclude>
    <ClInclude Include="..\..\src\components\buildings\construct_provides_sleep.hpp">
      <Filter>Header Files\components\buildings</Filter>
    </ClInclude>
    <ClInclude Include="..\..\src\components\buildings\smoke_emitter.hpp">
      <Filter>Header Files\components\buildings</Filter>
    </ClInclude>
    <ClInclude Include="..\..\src\components\buildings\turret_t.hpp">
      <Filter>Header Files\components\buildings</Filter>
    </ClInclude>
    <ClInclude Include="..\..\src\components\buildings\building_designations_t.hpp">
      <Filter>Header Files\components\buildings</Filter>
    </ClInclude>
    <ClInclude Include="..\..\src\global_assets\building_designations.hpp">
      <Filter>Header Files\global_assets</Filter>
    </ClInclude>
    <ClInclude Include="..\..\src\systems\ai\architecture_system.hpp">
      <Filter>Header Files\systems\ai</Filter>
    </ClInclude>
    <ClInclude Include="..\..\src\components\buildings\architecture_designations_t.hpp">
      <Filter>Header Files\components\buildings</Filter>
    </ClInclude>
    <ClInclude Include="..\..\src\global_assets\architecture_designations.hpp">
      <Filter>Header Files\global_assets</Filter>
    </ClInclude>
    <ClInclude Include="..\..\src\systems\gui\architecture_template.hpp">
      <Filter>Header Files\systems\gui</Filter>
    </ClInclude>
    <ClInclude Include="..\..\src\systems\ai\settler\ai_idle.hpp">
      <Filter>Header Files\systems\ai</Filter>
    </ClInclude>
    <ClInclude Include="..\..\src\utils\system_log.hpp">
      <Filter>Header Files\utils</Filter>
    </ClInclude>
    <ClInclude Include="..\..\src\systems\helpers\targeted_flow_map.hpp">
      <Filter>Header Files\systems\helpers</Filter>
    </ClInclude>
    <ClInclude Include="..\..\src\components\farming\designated_hunter.hpp">
      <Filter>Header Files\components\farming</Filter>
    </ClInclude>
    <ClInclude Include="..\..\src\global_assets\game_ecs.hpp">
      <Filter>Header Files\global_assets</Filter>
    </ClInclude>
    <ClInclude Include="..\..\src\components\all_components.hpp">
      <Filter>Header Files\components</Filter>
    </ClInclude>
    <ClInclude Include="..\..\src\systems\ai\settler\ai_work_stockpile.hpp">
      <Filter>Header Files\systems\ai\settler</Filter>
    </ClInclude>
    <ClInclude Include="..\..\src\components\ai_tags\ai_tag_work_stockpiles.hpp">
      <Filter>Header Files\components\ai_tags</Filter>
    </ClInclude>
    <ClInclude Include="..\..\src\components\item_tags\item_food_prepared_t.hpp">
      <Filter>Header Files\components\item_tags</Filter>
    </ClInclude>
    <ClInclude Include="..\..\src\components\flying_t.hpp">
      <Filter>Header Files\components</Filter>
    </ClInclude>
    <ClInclude Include="..\..\src\systems\ai\settler\ai_deconstruct.hpp">
      <Filter>Header Files\systems\ai\settler</Filter>
    </ClInclude>
    <ClInclude Include="..\..\src\components\ai_tags\ai_tag_work_deconstruct.hpp">
      <Filter>Header Files\components\ai_tags</Filter>
    </ClInclude>
    <ClInclude Include="..\..\src\systems\gui\building_info.hpp">
      <Filter>Header Files\systems\gui</Filter>
    </ClInclude>
    <ClInclude Include="..\..\src\components\machinery\sends_signal_t.hpp">
      <Filter>Header Files\components\machinery</Filter>
    </ClInclude>
    <ClInclude Include="..\..\src\components\machinery\lever.hpp">
      <Filter>Header Files\components\machinery</Filter>
    </ClInclude>
    <ClInclude Include="..\..\src\components\machinery\entry_trigger.hpp">
      <Filter>Header Files\components\machinery</Filter>
    </ClInclude>
    <ClInclude Include="..\..\src\components\machinery\receives_signal.hpp">
      <Filter>Header Files\components\machinery</Filter>
    </ClInclude>
    <ClInclude Include="..\..\src\components\machinery\signal_processor_t.hpp">
      <Filter>Header Files\components\machinery</Filter>
    </ClInclude>
    <ClInclude Include="..\..\src\components\machinery\float_gauge_t.hpp">
      <Filter>Header Files\components\machinery</Filter>
    </ClInclude>
    <ClInclude Include="..\..\src\components\machinery\pressure_plate_t.hpp">
      <Filter>Header Files\components\machinery</Filter>
    </ClInclude>
    <ClInclude Include="..\..\src\components\machinery\proximity_sensor_t.hpp">
      <Filter>Header Files\components\machinery</Filter>
    </ClInclude>
    <ClInclude Include="..\..\src\stdafx.h">
      <Filter>Header Files</Filter>
    </ClInclude>
    <ClInclude Include="..\..\src\components\machinery\oscillator_t.hpp">
      <Filter>Header Files\components\machinery</Filter>
    </ClInclude>
    <ClInclude Include="..\..\src\components\machinery\node_graph_position.hpp">
      <Filter>Header Files\components\machinery</Filter>
    </ClInclude>
    <ClInclude Include="..\..\src\systems\gui\circuit_graph.hpp">
      <Filter>Header Files\systems\gui</Filter>
    </ClInclude>
    <ClInclude Include="..\..\src\components\buildings\construct_provides_support.hpp">
      <Filter>Header Files\components\buildings</Filter>
    </ClInclude>
    <ClInclude Include="..\..\src\components\hunger_t.hpp">
      <Filter>Header Files\components</Filter>
    </ClInclude>
    <ClInclude Include="..\..\src\systems\scheduler\hunger_system.hpp">
      <Filter>Header Files\systems\scheduler</Filter>
    </ClInclude>
    <ClInclude Include="..\..\src\systems\ai\settler\templated_idle_steps_t.hpp">
      <Filter>Header Files\systems\ai\settler</Filter>
    </ClInclude>
    <ClInclude Include="..\..\src\systems\ai\settler\ai_leisure_eat.hpp">
      <Filter>Header Files\systems\ai\settler</Filter>
    </ClInclude>
    <ClInclude Include="..\..\src\components\ai_tags\ai_tag_leisure_eat.hpp">
      <Filter>Header Files\components\ai_tags</Filter>
    </ClInclude>
    <ClInclude Include="..\..\src\components\thirst_t.hpp">
      <Filter>Header Files\components</Filter>
    </ClInclude>
    <ClInclude Include="..\..\src\components\ai_tags\ai_tag_leisure_drink.hpp">
      <Filter>Header Files\components\ai_tags</Filter>
    </ClInclude>
    <ClInclude Include="..\..\src\systems\ai\settler\ai_leisure_drink.hpp">
      <Filter>Header Files\systems\ai\settler</Filter>
    </ClInclude>
  </ItemGroup>
</Project>