
Microsoft Visual Studio Solution File, Format Version 12.00
# Visual Studio 15
VisualStudioVersion = 15.0.27130.2026
MinimumVisualStudioVersion = 10.0.40219.1
Project("{8BC9CEB8-8B4A-11D0-8D11-00A0C91BC942}") = "NoxFuturaVS", "NoxFuturaVS\NoxFuturaVS.vcxproj", "{B054C6AC-D67B-4F85-9052-DD076D20A220}"
EndProject
Project("{8BC9CEB8-8B4A-11D0-8D11-00A0C91BC942}") = "BEngineVS", "BEngineVS\BEngineVS.vcxproj", "{FFA0F87D-66C5-494D-A8BC-7879546DD3AA}"
EndProject
Project("{8BC9CEB8-8B4A-11D0-8D11-00A0C91BC942}") = "RawsVS", "RawsVS\RawsVS.vcxproj", "{D5D0E0C7-F9C8-4779-8D16-05217BF9564B}"
EndProject
Project("{8BC9CEB8-8B4A-11D0-8D11-00A0C91BC942}") = "PlanetVS", "PlanetVS\PlanetVS.vcxproj", "{503B9537-AAA4-4333-BDAE-3605A2275CAC}"
EndProject
Project("{8BC9CEB8-8B4A-11D0-8D11-00A0C91BC942}") = "RenderVS", "RenderVS\RenderVS.vcxproj", "{AB1AC6B4-BEA8-4A44-B5CD-19764019776D}"
EndProject
Global
	GlobalSection(SolutionConfigurationPlatforms) = preSolution
		Debug|x64 = Debug|x64
		Debug|x86 = Debug|x86
		Publish|x64 = Publish|x64
		Publish|x86 = Publish|x86
		Release|x64 = Release|x64
		Release|x86 = Release|x86
	EndGlobalSection
	GlobalSection(ProjectConfigurationPlatforms) = postSolution
		{B054C6AC-D67B-4F85-9052-DD076D20A220}.Debug|x64.ActiveCfg = Debug|x64
		{B054C6AC-D67B-4F85-9052-DD076D20A220}.Debug|x64.Build.0 = Debug|x64
		{B054C6AC-D67B-4F85-9052-DD076D20A220}.Debug|x86.ActiveCfg = Debug|Win32
		{B054C6AC-D67B-4F85-9052-DD076D20A220}.Debug|x86.Build.0 = Debug|Win32
		{B054C6AC-D67B-4F85-9052-DD076D20A220}.Publish|x64.ActiveCfg = Publish|x64
		{B054C6AC-D67B-4F85-9052-DD076D20A220}.Publish|x64.Build.0 = Publish|x64
		{B054C6AC-D67B-4F85-9052-DD076D20A220}.Publish|x86.ActiveCfg = Publish|Win32
		{B054C6AC-D67B-4F85-9052-DD076D20A220}.Publish|x86.Build.0 = Publish|Win32
		{B054C6AC-D67B-4F85-9052-DD076D20A220}.Release|x64.ActiveCfg = Release|x64
		{B054C6AC-D67B-4F85-9052-DD076D20A220}.Release|x64.Build.0 = Release|x64
		{B054C6AC-D67B-4F85-9052-DD076D20A220}.Release|x86.ActiveCfg = Release|Win32
		{B054C6AC-D67B-4F85-9052-DD076D20A220}.Release|x86.Build.0 = Release|Win32
		{FFA0F87D-66C5-494D-A8BC-7879546DD3AA}.Debug|x64.ActiveCfg = Debug|x64
		{FFA0F87D-66C5-494D-A8BC-7879546DD3AA}.Debug|x64.Build.0 = Debug|x64
		{FFA0F87D-66C5-494D-A8BC-7879546DD3AA}.Debug|x86.ActiveCfg = Debug|Win32
		{FFA0F87D-66C5-494D-A8BC-7879546DD3AA}.Debug|x86.Build.0 = Debug|Win32
		{FFA0F87D-66C5-494D-A8BC-7879546DD3AA}.Publish|x64.ActiveCfg = Release|x64
		{FFA0F87D-66C5-494D-A8BC-7879546DD3AA}.Publish|x64.Build.0 = Release|x64
		{FFA0F87D-66C5-494D-A8BC-7879546DD3AA}.Publish|x86.ActiveCfg = Release|Win32
		{FFA0F87D-66C5-494D-A8BC-7879546DD3AA}.Publish|x86.Build.0 = Release|Win32
		{FFA0F87D-66C5-494D-A8BC-7879546DD3AA}.Release|x64.ActiveCfg = Release|x64
		{FFA0F87D-66C5-494D-A8BC-7879546DD3AA}.Release|x64.Build.0 = Release|x64
		{FFA0F87D-66C5-494D-A8BC-7879546DD3AA}.Release|x86.ActiveCfg = Release|Win32
		{FFA0F87D-66C5-494D-A8BC-7879546DD3AA}.Release|x86.Build.0 = Release|Win32
		{D5D0E0C7-F9C8-4779-8D16-05217BF9564B}.Debug|x64.ActiveCfg = Debug|x64
		{D5D0E0C7-F9C8-4779-8D16-05217BF9564B}.Debug|x64.Build.0 = Debug|x64
		{D5D0E0C7-F9C8-4779-8D16-05217BF9564B}.Debug|x86.ActiveCfg = Debug|Win32
		{D5D0E0C7-F9C8-4779-8D16-05217BF9564B}.Debug|x86.Build.0 = Debug|Win32
		{D5D0E0C7-F9C8-4779-8D16-05217BF9564B}.Publish|x64.ActiveCfg = Release|x64
		{D5D0E0C7-F9C8-4779-8D16-05217BF9564B}.Publish|x64.Build.0 = Release|x64
		{D5D0E0C7-F9C8-4779-8D16-05217BF9564B}.Publish|x86.ActiveCfg = Release|Win32
		{D5D0E0C7-F9C8-4779-8D16-05217BF9564B}.Publish|x86.Build.0 = Release|Win32
		{D5D0E0C7-F9C8-4779-8D16-05217BF9564B}.Release|x64.ActiveCfg = Release|x64
		{D5D0E0C7-F9C8-4779-8D16-05217BF9564B}.Release|x64.Build.0 = Release|x64
		{D5D0E0C7-F9C8-4779-8D16-05217BF9564B}.Release|x86.ActiveCfg = Release|Win32
		{D5D0E0C7-F9C8-4779-8D16-05217BF9564B}.Release|x86.Build.0 = Release|Win32
		{503B9537-AAA4-4333-BDAE-3605A2275CAC}.Debug|x64.ActiveCfg = Debug|x64
		{503B9537-AAA4-4333-BDAE-3605A2275CAC}.Debug|x64.Build.0 = Debug|x64
		{503B9537-AAA4-4333-BDAE-3605A2275CAC}.Debug|x86.ActiveCfg = Debug|Win32
		{503B9537-AAA4-4333-BDAE-3605A2275CAC}.Debug|x86.Build.0 = Debug|Win32
		{503B9537-AAA4-4333-BDAE-3605A2275CAC}.Publish|x64.ActiveCfg = Release|x64
		{503B9537-AAA4-4333-BDAE-3605A2275CAC}.Publish|x64.Build.0 = Release|x64
		{503B9537-AAA4-4333-BDAE-3605A2275CAC}.Publish|x86.ActiveCfg = Release|Win32
		{503B9537-AAA4-4333-BDAE-3605A2275CAC}.Publish|x86.Build.0 = Release|Win32
		{503B9537-AAA4-4333-BDAE-3605A2275CAC}.Release|x64.ActiveCfg = Release|x64
		{503B9537-AAA4-4333-BDAE-3605A2275CAC}.Release|x64.Build.0 = Release|x64
		{503B9537-AAA4-4333-BDAE-3605A2275CAC}.Release|x86.ActiveCfg = Release|Win32
		{503B9537-AAA4-4333-BDAE-3605A2275CAC}.Release|x86.Build.0 = Release|Win32
		{AB1AC6B4-BEA8-4A44-B5CD-19764019776D}.Debug|x64.ActiveCfg = Debug|x64
		{AB1AC6B4-BEA8-4A44-B5CD-19764019776D}.Debug|x64.Build.0 = Debug|x64
		{AB1AC6B4-BEA8-4A44-B5CD-19764019776D}.Debug|x86.ActiveCfg = Debug|Win32
		{AB1AC6B4-BEA8-4A44-B5CD-19764019776D}.Debug|x86.Build.0 = Debug|Win32
		{AB1AC6B4-BEA8-4A44-B5CD-19764019776D}.Publish|x64.ActiveCfg = Release|x64
		{AB1AC6B4-BEA8-4A44-B5CD-19764019776D}.Publish|x64.Build.0 = Release|x64
		{AB1AC6B4-BEA8-4A44-B5CD-19764019776D}.Publish|x86.ActiveCfg = Release|Win32
		{AB1AC6B4-BEA8-4A44-B5CD-19764019776D}.Publish|x86.Build.0 = Release|Win32
		{AB1AC6B4-BEA8-4A44-B5CD-19764019776D}.Release|x64.ActiveCfg = Release|x64
		{AB1AC6B4-BEA8-4A44-B5CD-19764019776D}.Release|x64.Build.0 = Release|x64
		{AB1AC6B4-BEA8-4A44-B5CD-19764019776D}.Release|x86.ActiveCfg = Release|Win32
		{AB1AC6B4-BEA8-4A44-B5CD-19764019776D}.Release|x86.Build.0 = Release|Win32
	EndGlobalSection
	GlobalSection(SolutionProperties) = preSolution
		HideSolutionNode = FALSE
	EndGlobalSection
	GlobalSection(ExtensibilityGlobals) = postSolution
		SolutionGuid = {55D368FD-3CEB-4B42-8B14-8EB3F4F990A7}
	EndGlobalSection
EndGlobal
